// !$*UTF8*$!
{
	archiveVersion = 1;
	classes = {
	};
	objectVersion = 77;
	objects = {

/* Begin PBXBuildFile section */
		00E00DEDF2E6A1B2E43F2B04 /* WishlistStoreTests.swift in Sources */ = {isa = PBXBuildFile; fileRef = 44FC364BA03C6422A7198EFA /* WishlistStoreTests.swift */; };
		055E63044CE8B668563152AD /* IndexDetailView.swift in Sources */ = {isa = PBXBuildFile; fileRef = CAF581996BE7C4DE18E7858C /* IndexDetailView.swift */; };
		06F64BCB3523A9F41C133BAE /* MarketData.swift in Sources */ = {isa = PBXBuildFile; fileRef = 4E91C38193031B0D40DEEBA3 /* MarketData.swift */; };
		07E74E71986E8DC7E53882E9 /* EmptyState.swift in Sources */ = {isa = PBXBuildFile; fileRef = 8F724DDD9B26E77DF91C0E01 /* EmptyState.swift */; };
		089E477FD84631DCFEE20706 /* MarketView.swift in Sources */ = {isa = PBXBuildFile; fileRef = 4C504F1F6B870EC541D30495 /* MarketView.swift */; };
		08AC35AD255159C812610761 /* CollectionItemEntity.swift in Sources */ = {isa = PBXBuildFile; fileRef = 9BBC19AA044ADA07FCB4EC94 /* CollectionItemEntity.swift */; };
		08B8A308209E7BF1EE8901ED /* CardTextRecognizer.swift in Sources */ = {isa = PBXBuildFile; fileRef = EAF4D5A89AF79062C925BD0A /* CardTextRecognizer.swift */; };
		0B6087E5C2E23D695ADB97BD /* AuthSessionStoreTests.swift in Sources */ = {isa = PBXBuildFile; fileRef = DCCD871621852BC29531B364 /* AuthSessionStoreTests.swift */; };
		0C06232C8B8FFD8457A9DF6B /* PriceAlertEntity.swift in Sources */ = {isa = PBXBuildFile; fileRef = A420A923C6A0572DA99E758C /* PriceAlertEntity.swift */; };
		0D72AA5EE1AA1070C91A8880 /* ScanView.swift in Sources */ = {isa = PBXBuildFile; fileRef = 84BBBF0733DDB546EAAE7073 /* ScanView.swift */; };
		0F21845C3A975132A40CFC40 /* CameraScanView.swift in Sources */ = {isa = PBXBuildFile; fileRef = 33296CD9469A347C30B77CC2 /* CameraScanView.swift */; };
		0F5ADA788797CB4111467632 /* PSACalculatorView.swift in Sources */ = {isa = PBXBuildFile; fileRef = F1E003B3EF556E74AB9BAC5F /* PSACalculatorView.swift */; };
		0FBFEAF00D3690650EF3708D /* Marketplace.swift in Sources */ = {isa = PBXBuildFile; fileRef = FDCF3C33E16D085D2109D2A6 /* Marketplace.swift */; };
		F6F6F6F6F6F6F6F6F6F6F6F6 /* NotificationService.swift in Sources */ = {isa = PBXBuildFile; fileRef = F5F5F5F5F5F5F5F5F5F5F5F5 /* NotificationService.swift */; };
		105A14F37A4F6759E5C88994 /* CollectionStoreTests.swift in Sources */ = {isa = PBXBuildFile; fileRef = 5D4A16F993AACB48ADD5A8F8 /* CollectionStoreTests.swift */; };
		12DE74AF60DE0D5FB57FE783 /* OFL.txt in Resources */ = {isa = PBXBuildFile; fileRef = B0DFCF0BFF9C5F57462DA2FA /* OFL.txt */; };
		135B5CDE091A005518DE8293 /* GradingSubmission.swift in Sources */ = {isa = PBXBuildFile; fileRef = 2059ECF049D317DA5DFD8C74 /* GradingSubmission.swift */; };
		153F104711530D0197A30B5C /* CarddexApp.swift in Sources */ = {isa = PBXBuildFile; fileRef = A108D336F75F134A6B6521FA /* CarddexApp.swift */; };
		A1A1A1A1A1A1A1A1A1A1A1A1 /* AppDelegate.swift in Sources */ = {isa = PBXBuildFile; fileRef = A2A2A2A2A2A2A2A2A2A2A2A2 /* AppDelegate.swift */; };
		A3A3A3A3A3A3A3A3A3A3A3A3 /* PushRegistrationCenter.swift in Sources */ = {isa = PBXBuildFile; fileRef = A4A4A4A4A4A4A4A4A4A4A4A4 /* PushRegistrationCenter.swift */; };
		15C5B597BEF2FB25E0B2FACD /* CaseIntents.swift in Sources */ = {isa = PBXBuildFile; fileRef = F763C803C14E173F6DE15795 /* CaseIntents.swift */; };
		18F620E32284429693BDCC43 /* SyncDTOs.swift in Sources */ = {isa = PBXBuildFile; fileRef = CA0541F0AAD8E5B5A6FB369F /* SyncDTOs.swift */; };
		1961FF26ECB359DE879A8B12 /* Money.swift in Sources */ = {isa = PBXBuildFile; fileRef = A509AB568997A722F0896EC9 /* Money.swift */; };
		199146D63E921C6735E1D89F /* SyncServiceTests.swift in Sources */ = {isa = PBXBuildFile; fileRef = D81FC9EDD081A35FFDFC8C73 /* SyncServiceTests.swift */; };
		1D3BA0C1088BCC7587A79515 /* HealthScoreView.swift in Sources */ = {isa = PBXBuildFile; fileRef = 3F261A90CD3120B31A3B2118 /* HealthScoreView.swift */; };
		2210C403D1942B4C2B03BCC0 /* ScanOverlay.swift in Sources */ = {isa = PBXBuildFile; fileRef = 7DCD0C9D94E9646C2133F3CF /* ScanOverlay.swift */; };
		221F2C1FF6A2D3CF05F21CBF /* MoneyTests.swift in Sources */ = {isa = PBXBuildFile; fileRef = D7219A81B93471EC6A676AC5 /* MoneyTests.swift */; };
		232BFD93B70D48B1A1BDE8E8 /* WatchlistStore.swift in Sources */ = {isa = PBXBuildFile; fileRef = 93BF1FF7E1FE050C253B0756 /* WatchlistStore.swift */; };
		258289B15F22DF7F3B9E95C1 /* LiquidGlass.swift in Sources */ = {isa = PBXBuildFile; fileRef = 3A7F3A53A20BA1A096FBF84E /* LiquidGlass.swift */; };
		25D46557B80B47B38FEB93B4 /* ToolsView.swift in Sources */ = {isa = PBXBuildFile; fileRef = F93ACFB4612F0CBEF2A2DAD9 /* ToolsView.swift */; };
		25F437358A92D11CE212A54F /* GradeOrSellCard.swift in Sources */ = {isa = PBXBuildFile; fileRef = 93EBC6421F774704263F03D7 /* GradeOrSellCard.swift */; };
		27BE6EEBAE1195423B00565B /* SubscriptionStore.swift in Sources */ = {isa = PBXBuildFile; fileRef = C6C56B720E530A7D66C52FD1 /* SubscriptionStore.swift */; };
		28C12E1BB0608052504E5B04 /* IdentificationService.swift in Sources */ = {isa = PBXBuildFile; fileRef = 958BBB2331B3227EC56ABA59 /* IdentificationService.swift */; };
		2A536E147FBDDC8E08E060F6 /* GradingStore.swift in Sources */ = {isa = PBXBuildFile; fileRef = 81B0A232669C409FDD1830AE /* GradingStore.swift */; };
		2A5768557312C0E635387BD1 /* SellSheet.swift in Sources */ = {isa = PBXBuildFile; fileRef = 3B35FE28728CFA6FD42628C2 /* SellSheet.swift */; };
		370248CA98F1FD36227E510C /* SegmentTabs.swift in Sources */ = {isa = PBXBuildFile; fileRef = 9839C86AA1CA6821F2574C09 /* SegmentTabs.swift */; };
		3C9568D196C8FA751CC65759 /* PaywallView.swift in Sources */ = {isa = PBXBuildFile; fileRef = F01A5F9065BE33CAFE70E85C /* PaywallView.swift */; };
		3F90E60EE16F4269F38A469E /* SpaceGrotesk-Medium.ttf in Resources */ = {isa = PBXBuildFile; fileRef = B55A7A718BEED53179FEBC31 /* SpaceGrotesk-Medium.ttf */; };
		475FB3EA40EC8575AE9720A3 /* Theme.swift in Sources */ = {isa = PBXBuildFile; fileRef = 6E61FDB4D59D4C62D3E4F3BC /* Theme.swift */; };
		4812D16CD99022984D245662 /* StoreKitService.swift in Sources */ = {isa = PBXBuildFile; fileRef = 6AC8DC0FE2BF7ED2E1EDCD1E /* StoreKitService.swift */; };
		4D0B486C9A50F1E162E7B8F7 /* MarketplaceTests.swift in Sources */ = {isa = PBXBuildFile; fileRef = 74586863855F53AF06AC29CF /* MarketplaceTests.swift */; };
		4EF66C024416274EA827ECFA /* Color+Hex.swift in Sources */ = {isa = PBXBuildFile; fileRef = 5CD721849A62838D4E72B51B /* Color+Hex.swift */; };
		4F75270125371C220796258B /* SyncEngine.swift in Sources */ = {isa = PBXBuildFile; fileRef = D044749602A869DF642F0F63 /* SyncEngine.swift */; };
		50CB8020D544B5DF6B9725D0 /* SampleData+Market.swift in Sources */ = {isa = PBXBuildFile; fileRef = 4E0CA5228B59BAD88970D085 /* SampleData+Market.swift */; };
		51173DA2A7ABA4BEB7220C02 /* DepreciationMonitor.swift in Sources */ = {isa = PBXBuildFile; fileRef = DB5DEA4FC6BDC6708BF7FFE1 /* DepreciationMonitor.swift */; };
		54FD0E67CB8B6D6B003B5026 /* SyncEngineTests.swift in Sources */ = {isa = PBXBuildFile; fileRef = 5312EA48F78E0F243ACB43F2 /* SyncEngineTests.swift */; };
		56CE00A07166FE334F1D9EA4 /* AllocationChartsView.swift in Sources */ = {isa = PBXBuildFile; fileRef = 07D68EB87B69DED264F5314D /* AllocationChartsView.swift */; };
		5704D438B34BD468D3F3DB4E /* SyncService.swift in Sources */ = {isa = PBXBuildFile; fileRef = 3B92879482B63511CF239965 /* SyncService.swift */; };
		581920CEC21F5FE832C48F3C /* VaultBackground.swift in Sources */ = {isa = PBXBuildFile; fileRef = 5B092E1888F4F29CBC18B4CE /* VaultBackground.swift */; };
		592C228A6755EA339C6172B1 /* CollectionHealthScore.swift in Sources */ = {isa = PBXBuildFile; fileRef = B4A7178CD03D1942E1C4E21C /* CollectionHealthScore.swift */; };
		5B2F84A1D9416F7F3B383EB6 /* CarddexWidgets.appex in Embed Foundation Extensions */ = {isa = PBXBuildFile; fileRef = 18DC918D9DE26EDE893AFC3A /* CarddexWidgets.appex */; settings = {ATTRIBUTES = (RemoveHeadersOnCopy, ); }; };
		61700A1960A3138E997ED2E9 /* CollectionView.swift in Sources */ = {isa = PBXBuildFile; fileRef = F75D7BC2E7A21E4EBF139228 /* CollectionView.swift */; };
		618A33AB5CF2A17FBEDD8395 /* KeychainStore.swift in Sources */ = {isa = PBXBuildFile; fileRef = 64F1684A467DD1A178BC7310 /* KeychainStore.swift */; };
		672F95749F6B7926BB991E1B /* PortfolioSnapshotEntity.swift in Sources */ = {isa = PBXBuildFile; fileRef = 35188C461AFA6E6529F7AD96 /* PortfolioSnapshotEntity.swift */; };
		67DBE634474BAEFF979AB1B9 /* Assets.xcassets in Resources */ = {isa = PBXBuildFile; fileRef = CB964D2472427C0D8EFC781C /* Assets.xcassets */; };
		6AE064B96DB0B9A31A9BA7BF /* IdentificationServiceTests.swift in Sources */ = {isa = PBXBuildFile; fileRef = 2E71CFCFD5E72A8222B9C380 /* IdentificationServiceTests.swift */; };
		6CD661FF6C5F7CA73B06EA17 /* SwiftDataPersistenceTests.swift in Sources */ = {isa = PBXBuildFile; fileRef = 89FFFAE1A060FABBB4AF157C /* SwiftDataPersistenceTests.swift */; };
		6EA8BB24CF8F79E84B21105B /* LiveIdentificationService.swift in Sources */ = {isa = PBXBuildFile; fileRef = 9E614259B52E7A8AE90DDCEA /* LiveIdentificationService.swift */; };
		72150FAE787739BE708B0677 /* Chip.swift in Sources */ = {isa = PBXBuildFile; fileRef = CDE935BB10CBD0BD77396F5A /* Chip.swift */; };
		72A001F8CC687446805BF207 /* ScreenHeader.swift in Sources */ = {isa = PBXBuildFile; fileRef = 9B21CC68AE15A69B0D2E7FFE /* ScreenHeader.swift */; };
		741DDF7064C862944D801ADC /* PortfolioHistoryStore.swift in Sources */ = {isa = PBXBuildFile; fileRef = 5A83319465EDAF5BE3BB1C94 /* PortfolioHistoryStore.swift */; };
		75D7EA1410B0803EC1E3975A /* SectionHeader.swift in Sources */ = {isa = PBXBuildFile; fileRef = 1CAC76FE966C257D84BC4052 /* SectionHeader.swift */; };
		772602228544119EA49EE33F /* PrimaryButton.swift in Sources */ = {isa = PBXBuildFile; fileRef = 12F9A8F39FFB78DEC1DD2EE4 /* PrimaryButton.swift */; };
		776D1012C007CA566A78CF37 /* GlassTabBar.swift in Sources */ = {isa = PBXBuildFile; fileRef = CB9FA29969F1BC99FB176AC7 /* GlassTabBar.swift */; };
		7D6A2F4498CBFC2FB148807E /* WishlistStore.swift in Sources */ = {isa = PBXBuildFile; fileRef = 6ABBA908796778F08DAA6D8B /* WishlistStore.swift */; };
		848406F03B29B526068F8A5D /* CardDetailView.swift in Sources */ = {isa = PBXBuildFile; fileRef = 985EF2F1A2F4BF585C51D827 /* CardDetailView.swift */; };
		85B68CEC13C14A398DA11557 /* AlertsView.swift in Sources */ = {isa = PBXBuildFile; fileRef = ABCBC7C41558503CFFD5D191 /* AlertsView.swift */; };
		8901BF890AB56315C5729F14 /* SpaceGrotesk-SemiBold.ttf in Resources */ = {isa = PBXBuildFile; fileRef = 3FEF071EACB939B42590C944 /* SpaceGrotesk-SemiBold.ttf */; };
		8A3E5B6B570104B48F718333 /* SalesChart.swift in Sources */ = {isa = PBXBuildFile; fileRef = 7CF8BF4EE69D94346D674039 /* SalesChart.swift */; };
		8B6009926D20F84F3131CFF6 /* Haptics.swift in Sources */ = {isa = PBXBuildFile; fileRef = 83E23565FFD3CD968B8F9515 /* Haptics.swift */; };
		8FE56926EC900900F3BF4C7C /* CollectionItem.swift in Sources */ = {isa = PBXBuildFile; fileRef = A0C867666CD3C8B620FC2B2C /* CollectionItem.swift */; };
		90682EC87DF617914D921DA4 /* GrailsView.swift in Sources */ = {isa = PBXBuildFile; fileRef = A3672CAE8531685F917C83C8 /* GrailsView.swift */; };
		938A45158E0AAD1E02933242 /* HolographicFoil.swift in Sources */ = {isa = PBXBuildFile; fileRef = E92A2C1DE0913631EB1B570A /* HolographicFoil.swift */; };
		93C3A061777CCC86563D16EF /* MotionManager.swift in Sources */ = {isa = PBXBuildFile; fileRef = DECFAD4285A3AD2FD2A804E1 /* MotionManager.swift */; };
		963905B0AB9E3CB106D6803A /* RollingNumber.swift in Sources */ = {isa = PBXBuildFile; fileRef = 4216A2102BC0A55B385DB3D0 /* RollingNumber.swift */; };
		980CB4AB3FAE27FE27C508AF /* CardGame.swift in Sources */ = {isa = PBXBuildFile; fileRef = 2DBCC8AADADB125C30C59456 /* CardGame.swift */; };
		991DAB1B62F18855FBB5C0CE /* PendingScanEntity.swift in Sources */ = {isa = PBXBuildFile; fileRef = 7A3B7B0D7A8C5B47CB112DDC /* PendingScanEntity.swift */; };
		99448162D54E299777620591 /* CircleIconButton.swift in Sources */ = {isa = PBXBuildFile; fileRef = B2233E198E1777A1A00431A8 /* CircleIconButton.swift */; };
		9A715B9ACF65EA1096C48C81 /* AuthService.swift in Sources */ = {isa = PBXBuildFile; fileRef = 1583D1A4FDF1B504091E7DAB /* AuthService.swift */; };
		9AA606E5AEA664FAF18457C1 /* CardPriceChart.swift in Sources */ = {isa = PBXBuildFile; fileRef = 01EDBC0F174AC957E35849E2 /* CardPriceChart.swift */; };
		9B90F360258706B4F05E6608 /* AppConfig.swift in Sources */ = {isa = PBXBuildFile; fileRef = F82D6DA06E9FD6F0F0ACAEA8 /* AppConfig.swift */; };
		9E89CE03E11D5AE6C788DA03 /* Theme.swift in Sources */ = {isa = PBXBuildFile; fileRef = 6E61FDB4D59D4C62D3E4F3BC /* Theme.swift */; };
		9F8232CBA22A08B6E09B4DA1 /* AddToPortfolioSheet.swift in Sources */ = {isa = PBXBuildFile; fileRef = D5F21CF70871EFF3BD3E4A8B /* AddToPortfolioSheet.swift */; };
		A2E4B0BC1C7C2C64AFBF1E9B /* OnboardingView.swift in Sources */ = {isa = PBXBuildFile; fileRef = 74C8D2528046D25BFBDDCD7C /* OnboardingView.swift */; };
		A403AA6CB1EADC1D00A457B5 /* FakeIdentificationService.swift in Sources */ = {isa = PBXBuildFile; fileRef = 3ABACF0BBB51F47C38FE8FF6 /* FakeIdentificationService.swift */; };
		A7AF1CFD183F3831EAC36641 /* LivingCardView.swift in Sources */ = {isa = PBXBuildFile; fileRef = 80FE3F83D01FA4D5E388F3C8 /* LivingCardView.swift */; };
		A7D727D1842F8041BA964632 /* SetCompletionView.swift in Sources */ = {isa = PBXBuildFile; fileRef = 580A852264D0A4C7C858C953 /* SetCompletionView.swift */; };
		AA2E9C19D851F0BCF570521F /* CardSet.swift in Sources */ = {isa = PBXBuildFile; fileRef = 6C4DFC49D84E3195DE6FD8DF /* CardSet.swift */; };
		AD343DDB5115F920D8142C8C /* CertLookupService.swift in Sources */ = {isa = PBXBuildFile; fileRef = 9AE7460564B13F3C160E61BF /* CertLookupService.swift */; };
		AD8952B2E27796D75362BFA8 /* Rarity.swift in Sources */ = {isa = PBXBuildFile; fileRef = B87334A1E7485DC97242BA9E /* Rarity.swift */; };
		AE18F7E53335D11C36F462FF /* CardArtwork.swift in Sources */ = {isa = PBXBuildFile; fileRef = 1FF03BD99BC1FF413B539467 /* CardArtwork.swift */; };
		AE41BDC851115C7890AADBB2 /* CardCell.swift in Sources */ = {isa = PBXBuildFile; fileRef = AA8F04774E0D43F60A439C60 /* CardCell.swift */; };
		AECFDAFD67B770E0C4DE51C1 /* SharePosters.swift in Sources */ = {isa = PBXBuildFile; fileRef = C675E730028BCDA946961EA9 /* SharePosters.swift */; };
		B1A557B3822306023D43BDCB /* SearchField.swift in Sources */ = {isa = PBXBuildFile; fileRef = B33A468C929FEA1B3AD1E412 /* SearchField.swift */; };
		B2ED098BA66E0257B53E2C56 /* SettingsView.swift in Sources */ = {isa = PBXBuildFile; fileRef = 920932ED4E4C0CA56E893E28 /* SettingsView.swift */; };
		B8570B2FA6CA138FC9343EDF /* WidgetShared.swift in Sources */ = {isa = PBXBuildFile; fileRef = 45048664F796AC6D913F5030 /* WidgetShared.swift */; };
		B8685AEED4FD8338E81BDC48 /* Card.swift in Sources */ = {isa = PBXBuildFile; fileRef = 651F0C5FCA4E4A93DC5DFA87 /* Card.swift */; };
		BC3A5B0AE811984E687ECBD9 /* GrailEntryEntity.swift in Sources */ = {isa = PBXBuildFile; fileRef = 7718F1B10971524DBF0D62B8 /* GrailEntryEntity.swift */; };
		BC47219B903689644D5F7254 /* FeaturedCard.swift in Sources */ = {isa = PBXBuildFile; fileRef = 3DCFC6547C22559096BE79BD /* FeaturedCard.swift */; };
		BC7FFE053211DA48861099C6 /* CardCondition.swift in Sources */ = {isa = PBXBuildFile; fileRef = BB2C9E8CC255BD14F8A0808E /* CardCondition.swift */; };
		BD33BFD6168950FBFAE6F1D0 /* SetDetailView.swift in Sources */ = {isa = PBXBuildFile; fileRef = 3F67084DAEB12B825DB63B21 /* SetDetailView.swift */; };
		BE1C577F9B87303CF24809EE /* SpendingTrackerView.swift in Sources */ = {isa = PBXBuildFile; fileRef = 4C9C6B252C02A3F02C728A67 /* SpendingTrackerView.swift */; };
		BFE265BC042139EF5EF13A3F /* MarketStoreTests.swift in Sources */ = {isa = PBXBuildFile; fileRef = 850A8C3BB8BADA272B1C56F9 /* MarketStoreTests.swift */; };
		C393A17CC730E0B06D034D81 /* InsuranceReportView.swift in Sources */ = {isa = PBXBuildFile; fileRef = 8B1C2ABE1C12D758BFD07B73 /* InsuranceReportView.swift */; };
		C6E2CBBB3B830D42C5246C4C /* MarketIndexEntry.swift in Sources */ = {isa = PBXBuildFile; fileRef = 2B0B81F9276E47C30F3F9507 /* MarketIndexEntry.swift */; };
		C71C4646D1DE9DE5C8E7F78A /* CSVService.swift in Sources */ = {isa = PBXBuildFile; fileRef = 0DD9EAB1CDDA11F741B98815 /* CSVService.swift */; };
		C75409C4A074D46E471A8ED6 /* PersistenceController.swift in Sources */ = {isa = PBXBuildFile; fileRef = FDD9BB8ABB4ABFBBCDF1BA26 /* PersistenceController.swift */; };
		C7D3AE1DDEC6EDC0B41A1058 /* SportCategory.swift in Sources */ = {isa = PBXBuildFile; fileRef = D09449BE08055A2CCACDFCFB /* SportCategory.swift */; };
		CBAA3404D0BAC6A9EB1DDDD6 /* MarketCardView.swift in Sources */ = {isa = PBXBuildFile; fileRef = F1DF9E30EF413E210833D0AF /* MarketCardView.swift */; };
		CCBC8D58DE318ED40CC96F11 /* AppRouter.swift in Sources */ = {isa = PBXBuildFile; fileRef = 14F4FB1E29E55D21AB1A0747 /* AppRouter.swift */; };
		CD1534ABE94F209AADA37914 /* CarddexWidgets.swift in Sources */ = {isa = PBXBuildFile; fileRef = C8D95645CD675C1D2C7F08E4 /* CarddexWidgets.swift */; };
		CDED8705ED5D8377EF0E9576 /* Color+Hex.swift in Sources */ = {isa = PBXBuildFile; fileRef = 5CD721849A62838D4E72B51B /* Color+Hex.swift */; };
		CE270D64BDF6DCF2DD12E013 /* MarketService.swift in Sources */ = {isa = PBXBuildFile; fileRef = F8A43A7A1CAF3FC080F4F724 /* MarketService.swift */; };
		CFF1D604C9741BB3E268672D /* WidgetShared.swift in Sources */ = {isa = PBXBuildFile; fileRef = 45048664F796AC6D913F5030 /* WidgetShared.swift */; };
		D074459745889A7A64CCF577 /* FlipCardView.swift in Sources */ = {isa = PBXBuildFile; fileRef = 4C0A9ECF93E302FB3AADFD53 /* FlipCardView.swift */; };
		D25A8FC1A930C17797833698 /* GradingTrackerView.swift in Sources */ = {isa = PBXBuildFile; fileRef = 8DCC1DC23E5C7BBD6BCB513E /* GradingTrackerView.swift */; };
		D26B11A7C5B99E908BC8FCC5 /* PortfolioView.swift in Sources */ = {isa = PBXBuildFile; fileRef = BFD4A6606A9F78A0E683361D /* PortfolioView.swift */; };
		E2E2E2E2E2E2E2E2E2E2E2E2 /* WeeklyRecapView.swift in Sources */ = {isa = PBXBuildFile; fileRef = E1E1E1E1E1E1E1E1E1E1E1E1 /* WeeklyRecapView.swift */; };
		D3CCD775237BE3588EA76241 /* CSVImportExportView.swift in Sources */ = {isa = PBXBuildFile; fileRef = 58168779579EA97D2895A385 /* CSVImportExportView.swift */; };
		D786440A7204C35A701C2785 /* MarketStore.swift in Sources */ = {isa = PBXBuildFile; fileRef = E7F320E332617D5983FF7747 /* MarketStore.swift */; };
		D8498B56BC92F163CF02B298 /* WidgetSnapshotTests.swift in Sources */ = {isa = PBXBuildFile; fileRef = 95500CAB3EF8BCB94A68D37B /* WidgetSnapshotTests.swift */; };
		D8A322320269648D53124204 /* MiniAreaChart.swift in Sources */ = {isa = PBXBuildFile; fileRef = E45964136E933A7B84200BAD /* MiniAreaChart.swift */; };
		DDE0C26F35589CE8BFB99311 /* SubscriptionEntity.swift in Sources */ = {isa = PBXBuildFile; fileRef = EBB482D4082E58FB4AB042AB /* SubscriptionEntity.swift */; };
		E01E45E112C6729462FE4981 /* CollectionStore.swift in Sources */ = {isa = PBXBuildFile; fileRef = FE9CC3A66CA9ED81A958412F /* CollectionStore.swift */; };
		E0DFB98E966F64C6560E0EDF /* TradeModeView.swift in Sources */ = {isa = PBXBuildFile; fileRef = A9E5B2FE2BBAFC25CE792D2F /* TradeModeView.swift */; };
		E7C234D6B393F1860EEFC0A6 /* SubscriptionStoreTests.swift in Sources */ = {isa = PBXBuildFile; fileRef = C696E523366143606EDD9178 /* SubscriptionStoreTests.swift */; };
		E86D323C138F725800410DCD /* PressableStyle.swift in Sources */ = {isa = PBXBuildFile; fileRef = 712C3A6F21FC665B0294A90E /* PressableStyle.swift */; };
		E889519F72241D7B7492D225 /* GamePill.swift in Sources */ = {isa = PBXBuildFile; fileRef = BF19D95A1447D88D0B089130 /* GamePill.swift */; };
		EBA8CDA2EBEC6876638E5EF7 /* SampleData.swift in Sources */ = {isa = PBXBuildFile; fileRef = 3D7A3C2C21CF6D463F8F74C1 /* SampleData.swift */; };
		EDD0CC12FD6C39EA5ACE18C7 /* PrivacyInfo.xcprivacy in Resources */ = {isa = PBXBuildFile; fileRef = 8F6CCD200180A066E994DE36 /* PrivacyInfo.xcprivacy */; };
		EDF6299A587725911A959C9A /* RangeSelector.swift in Sources */ = {isa = PBXBuildFile; fileRef = 0D6BFD98907DFC2E6956DB9A /* RangeSelector.swift */; };
		EEC00DC6CE66295AE76A6647 /* CachedAsyncImage.swift in Sources */ = {isa = PBXBuildFile; fileRef = E313ED651E765ACFDC063ACB /* CachedAsyncImage.swift */; };
		EF502BD244FE9C89E33EC46C /* WatchlistStoreTests.swift in Sources */ = {isa = PBXBuildFile; fileRef = A7F5F84D55389BBBC6F3FC53 /* WatchlistStoreTests.swift */; };
		EFCDB9CAF184D6971C7E7657 /* RootView.swift in Sources */ = {isa = PBXBuildFile; fileRef = 6641D60939CA82CD0B026D90 /* RootView.swift */; };
		F2C24D494EB51785D53D0E89 /* BulkScanView.swift in Sources */ = {isa = PBXBuildFile; fileRef = 23805BAE2F7E272E06D51717 /* BulkScanView.swift */; };
		E4E4E4E4E4E4E4E4E4E4E4E4 /* BatchValueSummaryView.swift in Sources */ = {isa = PBXBuildFile; fileRef = E3E3E3E3E3E3E3E3E3E3E3E3 /* BatchValueSummaryView.swift */; };
		F3BCCAC3E913CBAA12A5E424 /* CertLookupView.swift in Sources */ = {isa = PBXBuildFile; fileRef = 8D5F86FE7CFF5773B52C5976 /* CertLookupView.swift */; };
		F3FA1E33E259AEA47F86AA2C /* BinderPageView.swift in Sources */ = {isa = PBXBuildFile; fileRef = 3617587A04CE5CFE2223FA98 /* BinderPageView.swift */; };
		F4994CB000973A9C136450EE /* AuthSessionStore.swift in Sources */ = {isa = PBXBuildFile; fileRef = 424090B1B1E2EA31E2F296B3 /* AuthSessionStore.swift */; };
		F7F0180AB789046259C0656B /* SpaceGrotesk-Bold.ttf in Resources */ = {isa = PBXBuildFile; fileRef = B751B866BAA66051172FF0A9 /* SpaceGrotesk-Bold.ttf */; };
		F9BEA4793AE626F1B930A98C /* Persistence.swift in Sources */ = {isa = PBXBuildFile; fileRef = 838AA1EBA29A332D8059295F /* Persistence.swift */; };
		FACB30A7ECFCEF5E24832BAB /* ComparisonView.swift in Sources */ = {isa = PBXBuildFile; fileRef = 58A526867D9D1C1B8D5FA6B6 /* ComparisonView.swift */; };
		FBE4AC16D042484B4DEFE566 /* AppEnvironment.swift in Sources */ = {isa = PBXBuildFile; fileRef = 913E5E48832603A6B4238A3D /* AppEnvironment.swift */; };
		FF46375C1653EF69BFAFC5AB /* StatTile.swift in Sources */ = {isa = PBXBuildFile; fileRef = E4EBB65D08CC76601467891D /* StatTile.swift */; };
/* End PBXBuildFile section */

/* Begin PBXContainerItemProxy section */
		195AF4C820B98CF33D88E0B5 /* PBXContainerItemProxy */ = {
			isa = PBXContainerItemProxy;
			containerPortal = 234FAE2A2FCE8DFCDC45A09A /* Project object */;
			proxyType = 1;
			remoteGlobalIDString = F38D1F3D42836AEF06E5B43B;
			remoteInfo = Carddex;
		};
		A6A62DEF230C57B91C672AA6 /* PBXContainerItemProxy */ = {
			isa = PBXContainerItemProxy;
			containerPortal = 234FAE2A2FCE8DFCDC45A09A /* Project object */;
			proxyType = 1;
			remoteGlobalIDString = AB4AE457B06AD5882FB1FBAA;
			remoteInfo = CarddexWidgets;
		};
/* End PBXContainerItemProxy section */

/* Begin PBXCopyFilesBuildPhase section */
		0E908FDB2B3DB78F187AE9DC /* Embed Foundation Extensions */ = {
			isa = PBXCopyFilesBuildPhase;
			buildActionMask = 2147483647;
			dstPath = "";
			dstSubfolderSpec = 13;
			files = (
				5B2F84A1D9416F7F3B383EB6 /* CarddexWidgets.appex in Embed Foundation Extensions */,
			);
			name = "Embed Foundation Extensions";
			runOnlyForDeploymentPostprocessing = 0;
		};
/* End PBXCopyFilesBuildPhase section */

/* Begin PBXFileReference section */
		01EDBC0F174AC957E35849E2 /* CardPriceChart.swift */ = {isa = PBXFileReference; lastKnownFileType = sourcecode.swift; path = CardPriceChart.swift; sourceTree = "<group>"; };
		07D68EB87B69DED264F5314D /* AllocationChartsView.swift */ = {isa = PBXFileReference; includeInIndex = 1; lastKnownFileType = sourcecode.swift; path = AllocationChartsView.swift; sourceTree = "<group>"; };
		0D6BFD98907DFC2E6956DB9A /* RangeSelector.swift */ = {isa = PBXFileReference; lastKnownFileType = sourcecode.swift; path = RangeSelector.swift; sourceTree = "<group>"; };
		0DD9EAB1CDDA11F741B98815 /* CSVService.swift */ = {isa = PBXFileReference; includeInIndex = 1; lastKnownFileType = sourcecode.swift; path = CSVService.swift; sourceTree = "<group>"; };
		12F9A8F39FFB78DEC1DD2EE4 /* PrimaryButton.swift */ = {isa = PBXFileReference; lastKnownFileType = sourcecode.swift; path = PrimaryButton.swift; sourceTree = "<group>"; };
		14F4FB1E29E55D21AB1A0747 /* AppRouter.swift */ = {isa = PBXFileReference; lastKnownFileType = sourcecode.swift; path = AppRouter.swift; sourceTree = "<group>"; };
		1583D1A4FDF1B504091E7DAB /* AuthService.swift */ = {isa = PBXFileReference; lastKnownFileType = sourcecode.swift; path = AuthService.swift; sourceTree = "<group>"; };
		18DC918D9DE26EDE893AFC3A /* CarddexWidgets.appex */ = {isa = PBXFileReference; includeInIndex = 0; lastKnownFileType = "wrapper.app-extension"; path = CarddexWidgets.appex; sourceTree = BUILT_PRODUCTS_DIR; };
		1CAC76FE966C257D84BC4052 /* SectionHeader.swift */ = {isa = PBXFileReference; lastKnownFileType = sourcecode.swift; path = SectionHeader.swift; sourceTree = "<group>"; };
		1FF03BD99BC1FF413B539467 /* CardArtwork.swift */ = {isa = PBXFileReference; lastKnownFileType = sourcecode.swift; path = CardArtwork.swift; sourceTree = "<group>"; };
		2059ECF049D317DA5DFD8C74 /* GradingSubmission.swift */ = {isa = PBXFileReference; includeInIndex = 1; lastKnownFileType = sourcecode.swift; path = GradingSubmission.swift; sourceTree = "<group>"; };
		23805BAE2F7E272E06D51717 /* BulkScanView.swift */ = {isa = PBXFileReference; lastKnownFileType = sourcecode.swift; path = BulkScanView.swift; sourceTree = "<group>"; };
		E3E3E3E3E3E3E3E3E3E3E3E3 /* BatchValueSummaryView.swift */ = {isa = PBXFileReference; lastKnownFileType = sourcecode.swift; path = BatchValueSummaryView.swift; sourceTree = "<group>"; };
		2B0B81F9276E47C30F3F9507 /* MarketIndexEntry.swift */ = {isa = PBXFileReference; lastKnownFileType = sourcecode.swift; path = MarketIndexEntry.swift; sourceTree = "<group>"; };
		2DBCC8AADADB125C30C59456 /* CardGame.swift */ = {isa = PBXFileReference; lastKnownFileType = sourcecode.swift; path = CardGame.swift; sourceTree = "<group>"; };
		2E71CFCFD5E72A8222B9C380 /* IdentificationServiceTests.swift */ = {isa = PBXFileReference; lastKnownFileType = sourcecode.swift; path = IdentificationServiceTests.swift; sourceTree = "<group>"; };
		33296CD9469A347C30B77CC2 /* CameraScanView.swift */ = {isa = PBXFileReference; lastKnownFileType = sourcecode.swift; path = CameraScanView.swift; sourceTree = "<group>"; };
		35188C461AFA6E6529F7AD96 /* PortfolioSnapshotEntity.swift */ = {isa = PBXFileReference; lastKnownFileType = sourcecode.swift; path = PortfolioSnapshotEntity.swift; sourceTree = "<group>"; };
		35FE7A202296FDACB9D0952D /* CarddexWidgets.entitlements */ = {isa = PBXFileReference; lastKnownFileType = text.plist.entitlements; path = CarddexWidgets.entitlements; sourceTree = "<group>"; };
		3617587A04CE5CFE2223FA98 /* BinderPageView.swift */ = {isa = PBXFileReference; lastKnownFileType = sourcecode.swift; path = BinderPageView.swift; sourceTree = "<group>"; };
		3A7F3A53A20BA1A096FBF84E /* LiquidGlass.swift */ = {isa = PBXFileReference; lastKnownFileType = sourcecode.swift; path = LiquidGlass.swift; sourceTree = "<group>"; };
		3ABACF0BBB51F47C38FE8FF6 /* FakeIdentificationService.swift */ = {isa = PBXFileReference; lastKnownFileType = sourcecode.swift; path = FakeIdentificationService.swift; sourceTree = "<group>"; };
		3B35FE28728CFA6FD42628C2 /* SellSheet.swift */ = {isa = PBXFileReference; lastKnownFileType = sourcecode.swift; path = SellSheet.swift; sourceTree = "<group>"; };
		3B92879482B63511CF239965 /* SyncService.swift */ = {isa = PBXFileReference; lastKnownFileType = sourcecode.swift; path = SyncService.swift; sourceTree = "<group>"; };
		3D7A3C2C21CF6D463F8F74C1 /* SampleData.swift */ = {isa = PBXFileReference; lastKnownFileType = sourcecode.swift; path = SampleData.swift; sourceTree = "<group>"; };
		3DCFC6547C22559096BE79BD /* FeaturedCard.swift */ = {isa = PBXFileReference; lastKnownFileType = sourcecode.swift; path = FeaturedCard.swift; sourceTree = "<group>"; };
		3F261A90CD3120B31A3B2118 /* HealthScoreView.swift */ = {isa = PBXFileReference; includeInIndex = 1; lastKnownFileType = sourcecode.swift; path = HealthScoreView.swift; sourceTree = "<group>"; };
		3F67084DAEB12B825DB63B21 /* SetDetailView.swift */ = {isa = PBXFileReference; lastKnownFileType = sourcecode.swift; path = SetDetailView.swift; sourceTree = "<group>"; };
		3FEF071EACB939B42590C944 /* SpaceGrotesk-SemiBold.ttf */ = {isa = PBXFileReference; lastKnownFileType = file; path = "SpaceGrotesk-SemiBold.ttf"; sourceTree = "<group>"; };
		4216A2102BC0A55B385DB3D0 /* RollingNumber.swift */ = {isa = PBXFileReference; lastKnownFileType = sourcecode.swift; path = RollingNumber.swift; sourceTree = "<group>"; };
		424090B1B1E2EA31E2F296B3 /* AuthSessionStore.swift */ = {isa = PBXFileReference; lastKnownFileType = sourcecode.swift; path = AuthSessionStore.swift; sourceTree = "<group>"; };
		44FC364BA03C6422A7198EFA /* WishlistStoreTests.swift */ = {isa = PBXFileReference; lastKnownFileType = sourcecode.swift; path = WishlistStoreTests.swift; sourceTree = "<group>"; };
		45048664F796AC6D913F5030 /* WidgetShared.swift */ = {isa = PBXFileReference; lastKnownFileType = sourcecode.swift; path = WidgetShared.swift; sourceTree = "<group>"; };
		4C0A9ECF93E302FB3AADFD53 /* FlipCardView.swift */ = {isa = PBXFileReference; lastKnownFileType = sourcecode.swift; path = FlipCardView.swift; sourceTree = "<group>"; };
		4C504F1F6B870EC541D30495 /* MarketView.swift */ = {isa = PBXFileReference; lastKnownFileType = sourcecode.swift; path = MarketView.swift; sourceTree = "<group>"; };
		4C9C6B252C02A3F02C728A67 /* SpendingTrackerView.swift */ = {isa = PBXFileReference; includeInIndex = 1; lastKnownFileType = sourcecode.swift; path = SpendingTrackerView.swift; sourceTree = "<group>"; };
		4E0CA5228B59BAD88970D085 /* SampleData+Market.swift */ = {isa = PBXFileReference; lastKnownFileType = sourcecode.swift; path = "SampleData+Market.swift"; sourceTree = "<group>"; };
		4E91C38193031B0D40DEEBA3 /* MarketData.swift */ = {isa = PBXFileReference; lastKnownFileType = sourcecode.swift; path = MarketData.swift; sourceTree = "<group>"; };
		5312EA48F78E0F243ACB43F2 /* SyncEngineTests.swift */ = {isa = PBXFileReference; lastKnownFileType = sourcecode.swift; path = SyncEngineTests.swift; sourceTree = "<group>"; };
		580A852264D0A4C7C858C953 /* SetCompletionView.swift */ = {isa = PBXFileReference; includeInIndex = 1; lastKnownFileType = sourcecode.swift; path = SetCompletionView.swift; sourceTree = "<group>"; };
		58168779579EA97D2895A385 /* CSVImportExportView.swift */ = {isa = PBXFileReference; includeInIndex = 1; lastKnownFileType = sourcecode.swift; path = CSVImportExportView.swift; sourceTree = "<group>"; };
		58A526867D9D1C1B8D5FA6B6 /* ComparisonView.swift */ = {isa = PBXFileReference; lastKnownFileType = sourcecode.swift; path = ComparisonView.swift; sourceTree = "<group>"; };
		5A83319465EDAF5BE3BB1C94 /* PortfolioHistoryStore.swift */ = {isa = PBXFileReference; lastKnownFileType = sourcecode.swift; path = PortfolioHistoryStore.swift; sourceTree = "<group>"; };
		5ABEE7DCC3D74EF96336A9EF /* Info.plist */ = {isa = PBXFileReference; lastKnownFileType = text.plist; path = Info.plist; sourceTree = "<group>"; };
		5B092E1888F4F29CBC18B4CE /* VaultBackground.swift */ = {isa = PBXFileReference; lastKnownFileType = sourcecode.swift; path = VaultBackground.swift; sourceTree = "<group>"; };
		5CD721849A62838D4E72B51B /* Color+Hex.swift */ = {isa = PBXFileReference; lastKnownFileType = sourcecode.swift; path = "Color+Hex.swift"; sourceTree = "<group>"; };
		5D4A16F993AACB48ADD5A8F8 /* CollectionStoreTests.swift */ = {isa = PBXFileReference; lastKnownFileType = sourcecode.swift; path = CollectionStoreTests.swift; sourceTree = "<group>"; };
		64F1684A467DD1A178BC7310 /* KeychainStore.swift */ = {isa = PBXFileReference; lastKnownFileType = sourcecode.swift; path = KeychainStore.swift; sourceTree = "<group>"; };
		651F0C5FCA4E4A93DC5DFA87 /* Card.swift */ = {isa = PBXFileReference; lastKnownFileType = sourcecode.swift; path = Card.swift; sourceTree = "<group>"; };
		6641D60939CA82CD0B026D90 /* RootView.swift */ = {isa = PBXFileReference; lastKnownFileType = sourcecode.swift; path = RootView.swift; sourceTree = "<group>"; };
		6ABBA908796778F08DAA6D8B /* WishlistStore.swift */ = {isa = PBXFileReference; lastKnownFileType = sourcecode.swift; path = WishlistStore.swift; sourceTree = "<group>"; };
		6AC8DC0FE2BF7ED2E1EDCD1E /* StoreKitService.swift */ = {isa = PBXFileReference; lastKnownFileType = sourcecode.swift; path = StoreKitService.swift; sourceTree = "<group>"; };
		6C4DFC49D84E3195DE6FD8DF /* CardSet.swift */ = {isa = PBXFileReference; lastKnownFileType = sourcecode.swift; path = CardSet.swift; sourceTree = "<group>"; };
		6E61FDB4D59D4C62D3E4F3BC /* Theme.swift */ = {isa = PBXFileReference; lastKnownFileType = sourcecode.swift; path = Theme.swift; sourceTree = "<group>"; };
		6FC3794684572890D03F101E /* Carddex.app */ = {isa = PBXFileReference; includeInIndex = 0; lastKnownFileType = wrapper.application; path = Carddex.app; sourceTree = BUILT_PRODUCTS_DIR; };
		712C3A6F21FC665B0294A90E /* PressableStyle.swift */ = {isa = PBXFileReference; lastKnownFileType = sourcecode.swift; path = PressableStyle.swift; sourceTree = "<group>"; };
		74586863855F53AF06AC29CF /* MarketplaceTests.swift */ = {isa = PBXFileReference; lastKnownFileType = sourcecode.swift; path = MarketplaceTests.swift; sourceTree = "<group>"; };
		74C8D2528046D25BFBDDCD7C /* OnboardingView.swift */ = {isa = PBXFileReference; lastKnownFileType = sourcecode.swift; path = OnboardingView.swift; sourceTree = "<group>"; };
		7718F1B10971524DBF0D62B8 /* GrailEntryEntity.swift */ = {isa = PBXFileReference; lastKnownFileType = sourcecode.swift; path = GrailEntryEntity.swift; sourceTree = "<group>"; };
		7A3B7B0D7A8C5B47CB112DDC /* PendingScanEntity.swift */ = {isa = PBXFileReference; lastKnownFileType = sourcecode.swift; path = PendingScanEntity.swift; sourceTree = "<group>"; };
		7CF8BF4EE69D94346D674039 /* SalesChart.swift */ = {isa = PBXFileReference; lastKnownFileType = sourcecode.swift; path = SalesChart.swift; sourceTree = "<group>"; };
		7DCD0C9D94E9646C2133F3CF /* ScanOverlay.swift */ = {isa = PBXFileReference; lastKnownFileType = sourcecode.swift; path = ScanOverlay.swift; sourceTree = "<group>"; };
		80FE3F83D01FA4D5E388F3C8 /* LivingCardView.swift */ = {isa = PBXFileReference; lastKnownFileType = sourcecode.swift; path = LivingCardView.swift; sourceTree = "<group>"; };
		81B0A232669C409FDD1830AE /* GradingStore.swift */ = {isa = PBXFileReference; includeInIndex = 1; lastKnownFileType = sourcecode.swift; path = GradingStore.swift; sourceTree = "<group>"; };
		838AA1EBA29A332D8059295F /* Persistence.swift */ = {isa = PBXFileReference; lastKnownFileType = sourcecode.swift; path = Persistence.swift; sourceTree = "<group>"; };
		83E23565FFD3CD968B8F9515 /* Haptics.swift */ = {isa = PBXFileReference; lastKnownFileType = sourcecode.swift; path = Haptics.swift; sourceTree = "<group>"; };
		83F861B6B6CD841B7CA7D208 /* Info.plist */ = {isa = PBXFileReference; lastKnownFileType = text.plist; path = Info.plist; sourceTree = "<group>"; };
		84BBBF0733DDB546EAAE7073 /* ScanView.swift */ = {isa = PBXFileReference; lastKnownFileType = sourcecode.swift; path = ScanView.swift; sourceTree = "<group>"; };
		850A8C3BB8BADA272B1C56F9 /* MarketStoreTests.swift */ = {isa = PBXFileReference; lastKnownFileType = sourcecode.swift; path = MarketStoreTests.swift; sourceTree = "<group>"; };
		89FFFAE1A060FABBB4AF157C /* SwiftDataPersistenceTests.swift */ = {isa = PBXFileReference; lastKnownFileType = sourcecode.swift; path = SwiftDataPersistenceTests.swift; sourceTree = "<group>"; };
		8B1C2ABE1C12D758BFD07B73 /* InsuranceReportView.swift */ = {isa = PBXFileReference; includeInIndex = 1; lastKnownFileType = sourcecode.swift; path = InsuranceReportView.swift; sourceTree = "<group>"; };
		8D5F86FE7CFF5773B52C5976 /* CertLookupView.swift */ = {isa = PBXFileReference; includeInIndex = 1; lastKnownFileType = sourcecode.swift; path = CertLookupView.swift; sourceTree = "<group>"; };
		8DCC1DC23E5C7BBD6BCB513E /* GradingTrackerView.swift */ = {isa = PBXFileReference; includeInIndex = 1; lastKnownFileType = sourcecode.swift; path = GradingTrackerView.swift; sourceTree = "<group>"; };
		8F6CCD200180A066E994DE36 /* PrivacyInfo.xcprivacy */ = {isa = PBXFileReference; path = PrivacyInfo.xcprivacy; sourceTree = "<group>"; };
		8F724DDD9B26E77DF91C0E01 /* EmptyState.swift */ = {isa = PBXFileReference; lastKnownFileType = sourcecode.swift; path = EmptyState.swift; sourceTree = "<group>"; };
		913E5E48832603A6B4238A3D /* AppEnvironment.swift */ = {isa = PBXFileReference; lastKnownFileType = sourcecode.swift; path = AppEnvironment.swift; sourceTree = "<group>"; };
		920932ED4E4C0CA56E893E28 /* SettingsView.swift */ = {isa = PBXFileReference; lastKnownFileType = sourcecode.swift; path = SettingsView.swift; sourceTree = "<group>"; };
		93BF1FF7E1FE050C253B0756 /* WatchlistStore.swift */ = {isa = PBXFileReference; lastKnownFileType = sourcecode.swift; path = WatchlistStore.swift; sourceTree = "<group>"; };
		93EBC6421F774704263F03D7 /* GradeOrSellCard.swift */ = {isa = PBXFileReference; includeInIndex = 1; lastKnownFileType = sourcecode.swift; path = GradeOrSellCard.swift; sourceTree = "<group>"; };
		95500CAB3EF8BCB94A68D37B /* WidgetSnapshotTests.swift */ = {isa = PBXFileReference; lastKnownFileType = sourcecode.swift; path = WidgetSnapshotTests.swift; sourceTree = "<group>"; };
		958BBB2331B3227EC56ABA59 /* IdentificationService.swift */ = {isa = PBXFileReference; lastKnownFileType = sourcecode.swift; path = IdentificationService.swift; sourceTree = "<group>"; };
		9839C86AA1CA6821F2574C09 /* SegmentTabs.swift */ = {isa = PBXFileReference; lastKnownFileType = sourcecode.swift; path = SegmentTabs.swift; sourceTree = "<group>"; };
		985EF2F1A2F4BF585C51D827 /* CardDetailView.swift */ = {isa = PBXFileReference; lastKnownFileType = sourcecode.swift; path = CardDetailView.swift; sourceTree = "<group>"; };
		9AE7460564B13F3C160E61BF /* CertLookupService.swift */ = {isa = PBXFileReference; includeInIndex = 1; lastKnownFileType = sourcecode.swift; path = CertLookupService.swift; sourceTree = "<group>"; };
		9B21CC68AE15A69B0D2E7FFE /* ScreenHeader.swift */ = {isa = PBXFileReference; lastKnownFileType = sourcecode.swift; path = ScreenHeader.swift; sourceTree = "<group>"; };
		9BBC19AA044ADA07FCB4EC94 /* CollectionItemEntity.swift */ = {isa = PBXFileReference; lastKnownFileType = sourcecode.swift; path = CollectionItemEntity.swift; sourceTree = "<group>"; };
		9E614259B52E7A8AE90DDCEA /* LiveIdentificationService.swift */ = {isa = PBXFileReference; lastKnownFileType = sourcecode.swift; path = LiveIdentificationService.swift; sourceTree = "<group>"; };
		A0C867666CD3C8B620FC2B2C /* CollectionItem.swift */ = {isa = PBXFileReference; lastKnownFileType = sourcecode.swift; path = CollectionItem.swift; sourceTree = "<group>"; };
		A108D336F75F134A6B6521FA /* CarddexApp.swift */ = {isa = PBXFileReference; lastKnownFileType = sourcecode.swift; path = CarddexApp.swift; sourceTree = "<group>"; };
		A2A2A2A2A2A2A2A2A2A2A2A2 /* AppDelegate.swift */ = {isa = PBXFileReference; lastKnownFileType = sourcecode.swift; path = AppDelegate.swift; sourceTree = "<group>"; };
		A4A4A4A4A4A4A4A4A4A4A4A4 /* PushRegistrationCenter.swift */ = {isa = PBXFileReference; lastKnownFileType = sourcecode.swift; path = PushRegistrationCenter.swift; sourceTree = "<group>"; };
		A3672CAE8531685F917C83C8 /* GrailsView.swift */ = {isa = PBXFileReference; lastKnownFileType = sourcecode.swift; path = GrailsView.swift; sourceTree = "<group>"; };
		A420A923C6A0572DA99E758C /* PriceAlertEntity.swift */ = {isa = PBXFileReference; lastKnownFileType = sourcecode.swift; path = PriceAlertEntity.swift; sourceTree = "<group>"; };
		A509AB568997A722F0896EC9 /* Money.swift */ = {isa = PBXFileReference; lastKnownFileType = sourcecode.swift; path = Money.swift; sourceTree = "<group>"; };
		A7F5F84D55389BBBC6F3FC53 /* WatchlistStoreTests.swift */ = {isa = PBXFileReference; lastKnownFileType = sourcecode.swift; path = WatchlistStoreTests.swift; sourceTree = "<group>"; };
		A9E5B2FE2BBAFC25CE792D2F /* TradeModeView.swift */ = {isa = PBXFileReference; includeInIndex = 1; lastKnownFileType = sourcecode.swift; path = TradeModeView.swift; sourceTree = "<group>"; };
		AA8F04774E0D43F60A439C60 /* CardCell.swift */ = {isa = PBXFileReference; lastKnownFileType = sourcecode.swift; path = CardCell.swift; sourceTree = "<group>"; };
		ABCBC7C41558503CFFD5D191 /* AlertsView.swift */ = {isa = PBXFileReference; lastKnownFileType = sourcecode.swift; path = AlertsView.swift; sourceTree = "<group>"; };
		B0DFCF0BFF9C5F57462DA2FA /* OFL.txt */ = {isa = PBXFileReference; lastKnownFileType = text; path = OFL.txt; sourceTree = "<group>"; };
		B2233E198E1777A1A00431A8 /* CircleIconButton.swift */ = {isa = PBXFileReference; lastKnownFileType = sourcecode.swift; path = CircleIconButton.swift; sourceTree = "<group>"; };
		B33A468C929FEA1B3AD1E412 /* SearchField.swift */ = {isa = PBXFileReference; lastKnownFileType = sourcecode.swift; path = SearchField.swift; sourceTree = "<group>"; };
		B4A7178CD03D1942E1C4E21C /* CollectionHealthScore.swift */ = {isa = PBXFileReference; includeInIndex = 1; lastKnownFileType = sourcecode.swift; path = CollectionHealthScore.swift; sourceTree = "<group>"; };
		B55A7A718BEED53179FEBC31 /* SpaceGrotesk-Medium.ttf */ = {isa = PBXFileReference; lastKnownFileType = file; path = "SpaceGrotesk-Medium.ttf"; sourceTree = "<group>"; };
		B751B866BAA66051172FF0A9 /* SpaceGrotesk-Bold.ttf */ = {isa = PBXFileReference; lastKnownFileType = file; path = "SpaceGrotesk-Bold.ttf"; sourceTree = "<group>"; };
		B87334A1E7485DC97242BA9E /* Rarity.swift */ = {isa = PBXFileReference; lastKnownFileType = sourcecode.swift; path = Rarity.swift; sourceTree = "<group>"; };
		BB2C9E8CC255BD14F8A0808E /* CardCondition.swift */ = {isa = PBXFileReference; lastKnownFileType = sourcecode.swift; path = CardCondition.swift; sourceTree = "<group>"; };
		BF19D95A1447D88D0B089130 /* GamePill.swift */ = {isa = PBXFileReference; lastKnownFileType = sourcecode.swift; path = GamePill.swift; sourceTree = "<group>"; };
		BFD4A6606A9F78A0E683361D /* PortfolioView.swift */ = {isa = PBXFileReference; lastKnownFileType = sourcecode.swift; path = PortfolioView.swift; sourceTree = "<group>"; };
		E1E1E1E1E1E1E1E1E1E1E1E1 /* WeeklyRecapView.swift */ = {isa = PBXFileReference; lastKnownFileType = sourcecode.swift; path = WeeklyRecapView.swift; sourceTree = "<group>"; };
		C675E730028BCDA946961EA9 /* SharePosters.swift */ = {isa = PBXFileReference; lastKnownFileType = sourcecode.swift; path = SharePosters.swift; sourceTree = "<group>"; };
		C696E523366143606EDD9178 /* SubscriptionStoreTests.swift */ = {isa = PBXFileReference; lastKnownFileType = sourcecode.swift; path = SubscriptionStoreTests.swift; sourceTree = "<group>"; };
		C6C56B720E530A7D66C52FD1 /* SubscriptionStore.swift */ = {isa = PBXFileReference; lastKnownFileType = sourcecode.swift; path = SubscriptionStore.swift; sourceTree = "<group>"; };
		C8D95645CD675C1D2C7F08E4 /* CarddexWidgets.swift */ = {isa = PBXFileReference; lastKnownFileType = sourcecode.swift; path = CarddexWidgets.swift; sourceTree = "<group>"; };
		CA0541F0AAD8E5B5A6FB369F /* SyncDTOs.swift */ = {isa = PBXFileReference; lastKnownFileType = sourcecode.swift; path = SyncDTOs.swift; sourceTree = "<group>"; };
		CAF581996BE7C4DE18E7858C /* IndexDetailView.swift */ = {isa = PBXFileReference; lastKnownFileType = sourcecode.swift; path = IndexDetailView.swift; sourceTree = "<group>"; };
		CB964D2472427C0D8EFC781C /* Assets.xcassets */ = {isa = PBXFileReference; lastKnownFileType = folder.assetcatalog; path = Assets.xcassets; sourceTree = "<group>"; };
		CB9FA29969F1BC99FB176AC7 /* GlassTabBar.swift */ = {isa = PBXFileReference; lastKnownFileType = sourcecode.swift; path = GlassTabBar.swift; sourceTree = "<group>"; };
		CDE935BB10CBD0BD77396F5A /* Chip.swift */ = {isa = PBXFileReference; lastKnownFileType = sourcecode.swift; path = Chip.swift; sourceTree = "<group>"; };
		D044749602A869DF642F0F63 /* SyncEngine.swift */ = {isa = PBXFileReference; lastKnownFileType = sourcecode.swift; path = SyncEngine.swift; sourceTree = "<group>"; };
		D09449BE08055A2CCACDFCFB /* SportCategory.swift */ = {isa = PBXFileReference; lastKnownFileType = sourcecode.swift; path = SportCategory.swift; sourceTree = "<group>"; };
		D5F21CF70871EFF3BD3E4A8B /* AddToPortfolioSheet.swift */ = {isa = PBXFileReference; lastKnownFileType = sourcecode.swift; path = AddToPortfolioSheet.swift; sourceTree = "<group>"; };
		D7219A81B93471EC6A676AC5 /* MoneyTests.swift */ = {isa = PBXFileReference; lastKnownFileType = sourcecode.swift; path = MoneyTests.swift; sourceTree = "<group>"; };
		D81FC9EDD081A35FFDFC8C73 /* SyncServiceTests.swift */ = {isa = PBXFileReference; lastKnownFileType = sourcecode.swift; path = SyncServiceTests.swift; sourceTree = "<group>"; };
		DB5DEA4FC6BDC6708BF7FFE1 /* DepreciationMonitor.swift */ = {isa = PBXFileReference; includeInIndex = 1; lastKnownFileType = sourcecode.swift; path = DepreciationMonitor.swift; sourceTree = "<group>"; };
		DCCD871621852BC29531B364 /* AuthSessionStoreTests.swift */ = {isa = PBXFileReference; lastKnownFileType = sourcecode.swift; path = AuthSessionStoreTests.swift; sourceTree = "<group>"; };
		DECFAD4285A3AD2FD2A804E1 /* MotionManager.swift */ = {isa = PBXFileReference; lastKnownFileType = sourcecode.swift; path = MotionManager.swift; sourceTree = "<group>"; };
		E313ED651E765ACFDC063ACB /* CachedAsyncImage.swift */ = {isa = PBXFileReference; lastKnownFileType = sourcecode.swift; path = CachedAsyncImage.swift; sourceTree = "<group>"; };
		E45964136E933A7B84200BAD /* MiniAreaChart.swift */ = {isa = PBXFileReference; lastKnownFileType = sourcecode.swift; path = MiniAreaChart.swift; sourceTree = "<group>"; };
		E4EBB65D08CC76601467891D /* StatTile.swift */ = {isa = PBXFileReference; lastKnownFileType = sourcecode.swift; path = StatTile.swift; sourceTree = "<group>"; };
		E7F320E332617D5983FF7747 /* MarketStore.swift */ = {isa = PBXFileReference; lastKnownFileType = sourcecode.swift; path = MarketStore.swift; sourceTree = "<group>"; };
		E92A2C1DE0913631EB1B570A /* HolographicFoil.swift */ = {isa = PBXFileReference; lastKnownFileType = sourcecode.swift; path = HolographicFoil.swift; sourceTree = "<group>"; };
		EAF4D5A89AF79062C925BD0A /* CardTextRecognizer.swift */ = {isa = PBXFileReference; lastKnownFileType = sourcecode.swift; path = CardTextRecognizer.swift; sourceTree = "<group>"; };
		EBB482D4082E58FB4AB042AB /* SubscriptionEntity.swift */ = {isa = PBXFileReference; lastKnownFileType = sourcecode.swift; path = SubscriptionEntity.swift; sourceTree = "<group>"; };
		EEE0BEB1891490FBFA7F8559 /* CarddexTests.xctest */ = {isa = PBXFileReference; includeInIndex = 0; lastKnownFileType = wrapper.cfbundle; path = CarddexTests.xctest; sourceTree = BUILT_PRODUCTS_DIR; };
		F01A5F9065BE33CAFE70E85C /* PaywallView.swift */ = {isa = PBXFileReference; lastKnownFileType = sourcecode.swift; path = PaywallView.swift; sourceTree = "<group>"; };
		F1DF9E30EF413E210833D0AF /* MarketCardView.swift */ = {isa = PBXFileReference; lastKnownFileType = sourcecode.swift; path = MarketCardView.swift; sourceTree = "<group>"; };
		F1E003B3EF556E74AB9BAC5F /* PSACalculatorView.swift */ = {isa = PBXFileReference; includeInIndex = 1; lastKnownFileType = sourcecode.swift; path = PSACalculatorView.swift; sourceTree = "<group>"; };
		F33660361B124FA61A7F37C6 /* Carddex.entitlements */ = {isa = PBXFileReference; lastKnownFileType = text.plist.entitlements; path = Carddex.entitlements; sourceTree = "<group>"; };
		F75D7BC2E7A21E4EBF139228 /* CollectionView.swift */ = {isa = PBXFileReference; lastKnownFileType = sourcecode.swift; path = CollectionView.swift; sourceTree = "<group>"; };
		F763C803C14E173F6DE15795 /* CaseIntents.swift */ = {isa = PBXFileReference; lastKnownFileType = sourcecode.swift; path = CaseIntents.swift; sourceTree = "<group>"; };
		F82D6DA06E9FD6F0F0ACAEA8 /* AppConfig.swift */ = {isa = PBXFileReference; lastKnownFileType = sourcecode.swift; path = AppConfig.swift; sourceTree = "<group>"; };
		F8A43A7A1CAF3FC080F4F724 /* MarketService.swift */ = {isa = PBXFileReference; lastKnownFileType = sourcecode.swift; path = MarketService.swift; sourceTree = "<group>"; };
		F93ACFB4612F0CBEF2A2DAD9 /* ToolsView.swift */ = {isa = PBXFileReference; includeInIndex = 1; lastKnownFileType = sourcecode.swift; path = ToolsView.swift; sourceTree = "<group>"; };
		FDCF3C33E16D085D2109D2A6 /* Marketplace.swift */ = {isa = PBXFileReference; lastKnownFileType = sourcecode.swift; path = Marketplace.swift; sourceTree = "<group>"; };
		F5F5F5F5F5F5F5F5F5F5F5F5 /* NotificationService.swift */ = {isa = PBXFileReference; lastKnownFileType = sourcecode.swift; path = NotificationService.swift; sourceTree = "<group>"; };
		FDD9BB8ABB4ABFBBCDF1BA26 /* PersistenceController.swift */ = {isa = PBXFileReference; lastKnownFileType = sourcecode.swift; path = PersistenceController.swift; sourceTree = "<group>"; };
		FE9CC3A66CA9ED81A958412F /* CollectionStore.swift */ = {isa = PBXFileReference; lastKnownFileType = sourcecode.swift; path = CollectionStore.swift; sourceTree = "<group>"; };
/* End PBXFileReference section */

/* Begin PBXGroup section */
		115AF2F1CA3722031A4DC021 /* Carddex */ = {
			isa = PBXGroup;
			children = (
				F33660361B124FA61A7F37C6 /* Carddex.entitlements */,
				83F861B6B6CD841B7CA7D208 /* Info.plist */,
				2BD790D509D4FDB0B9FCFF65 /* App */,
				C7C5B48887DAF9C07D1DE4CF /* DesignSystem */,
				C7DC56698E395B9BCF0E6E5A /* Features */,
				CB532C9048E6385C8F447B3D /* Intents */,
				A1748CCE05E0213556932CF9 /* Models */,
				124409B06EA5736B6D3CF931 /* Resources */,
				EAF50800B1FE886CBE2FDA2B /* SampleData */,
				B3F9994528FB4C2967EB2D60 /* Services */,
				92AB2A1A896E636B2C86045C /* Store */,
			);
			path = Carddex;
			sourceTree = "<group>";
		};
		124409B06EA5736B6D3CF931 /* Resources */ = {
			isa = PBXGroup;
			children = (
				CB964D2472427C0D8EFC781C /* Assets.xcassets */,
				8F6CCD200180A066E994DE36 /* PrivacyInfo.xcprivacy */,
				2FF108F0B93E83034D6218C5 /* Fonts */,
			);
			path = Resources;
			sourceTree = "<group>";
		};
		16D633D3C8ED0F0D52B606BD /* Paywall */ = {
			isa = PBXGroup;
			children = (
				F01A5F9065BE33CAFE70E85C /* PaywallView.swift */,
			);
			path = Paywall;
			sourceTree = "<group>";
		};
		28915D1D9911B9190BC7A0D0 /* CarddexTests */ = {
			isa = PBXGroup;
			children = (
				DCCD871621852BC29531B364 /* AuthSessionStoreTests.swift */,
				5D4A16F993AACB48ADD5A8F8 /* CollectionStoreTests.swift */,
				2E71CFCFD5E72A8222B9C380 /* IdentificationServiceTests.swift */,
				74586863855F53AF06AC29CF /* MarketplaceTests.swift */,
				850A8C3BB8BADA272B1C56F9 /* MarketStoreTests.swift */,
				D7219A81B93471EC6A676AC5 /* MoneyTests.swift */,
				C696E523366143606EDD9178 /* SubscriptionStoreTests.swift */,
				89FFFAE1A060FABBB4AF157C /* SwiftDataPersistenceTests.swift */,
				5312EA48F78E0F243ACB43F2 /* SyncEngineTests.swift */,
				D81FC9EDD081A35FFDFC8C73 /* SyncServiceTests.swift */,
				A7F5F84D55389BBBC6F3FC53 /* WatchlistStoreTests.swift */,
				95500CAB3EF8BCB94A68D37B /* WidgetSnapshotTests.swift */,
				44FC364BA03C6422A7198EFA /* WishlistStoreTests.swift */,
			);
			path = CarddexTests;
			sourceTree = "<group>";
		};
		2BD790D509D4FDB0B9FCFF65 /* App */ = {
			isa = PBXGroup;
			children = (
				913E5E48832603A6B4238A3D /* AppEnvironment.swift */,
				14F4FB1E29E55D21AB1A0747 /* AppRouter.swift */,
				A108D336F75F134A6B6521FA /* CarddexApp.swift */,
				A2A2A2A2A2A2A2A2A2A2A2A2 /* AppDelegate.swift */,
				6641D60939CA82CD0B026D90 /* RootView.swift */,
			);
			path = App;
			sourceTree = "<group>";
		};
		2FF108F0B93E83034D6218C5 /* Fonts */ = {
			isa = PBXGroup;
			children = (
				B0DFCF0BFF9C5F57462DA2FA /* OFL.txt */,
				B751B866BAA66051172FF0A9 /* SpaceGrotesk-Bold.ttf */,
				B55A7A718BEED53179FEBC31 /* SpaceGrotesk-Medium.ttf */,
				3FEF071EACB939B42590C944 /* SpaceGrotesk-SemiBold.ttf */,
			);
			path = Fonts;
			sourceTree = "<group>";
		};
		30CF2E042559D751658FEBD0 /* Scan */ = {
			isa = PBXGroup;
			children = (
				23805BAE2F7E272E06D51717 /* BulkScanView.swift */,
				E3E3E3E3E3E3E3E3E3E3E3E3 /* BatchValueSummaryView.swift */,
				84BBBF0733DDB546EAAE7073 /* ScanView.swift */,
			);
			path = Scan;
			sourceTree = "<group>";
		};
		3B558D36CD7CC9632589EB80 /* Collection */ = {
			isa = PBXGroup;
			children = (
				985EF2F1A2F4BF585C51D827 /* CardDetailView.swift */,
				01EDBC0F174AC957E35849E2 /* CardPriceChart.swift */,
				F75D7BC2E7A21E4EBF139228 /* CollectionView.swift */,
				3F67084DAEB12B825DB63B21 /* SetDetailView.swift */,
			);
			path = Collection;
			sourceTree = "<group>";
		};
		4F1296536807F6833B109E6F /* Components */ = {
			isa = PBXGroup;
			children = (
				3617587A04CE5CFE2223FA98 /* BinderPageView.swift */,
				E313ED651E765ACFDC063ACB /* CachedAsyncImage.swift */,
				1FF03BD99BC1FF413B539467 /* CardArtwork.swift */,
				AA8F04774E0D43F60A439C60 /* CardCell.swift */,
				CDE935BB10CBD0BD77396F5A /* Chip.swift */,
				B2233E198E1777A1A00431A8 /* CircleIconButton.swift */,
				8F724DDD9B26E77DF91C0E01 /* EmptyState.swift */,
				3DCFC6547C22559096BE79BD /* FeaturedCard.swift */,
				4C0A9ECF93E302FB3AADFD53 /* FlipCardView.swift */,
				BF19D95A1447D88D0B089130 /* GamePill.swift */,
				CB9FA29969F1BC99FB176AC7 /* GlassTabBar.swift */,
				E92A2C1DE0913631EB1B570A /* HolographicFoil.swift */,
				3A7F3A53A20BA1A096FBF84E /* LiquidGlass.swift */,
				80FE3F83D01FA4D5E388F3C8 /* LivingCardView.swift */,
				E45964136E933A7B84200BAD /* MiniAreaChart.swift */,
				712C3A6F21FC665B0294A90E /* PressableStyle.swift */,
				12F9A8F39FFB78DEC1DD2EE4 /* PrimaryButton.swift */,
				0D6BFD98907DFC2E6956DB9A /* RangeSelector.swift */,
				4216A2102BC0A55B385DB3D0 /* RollingNumber.swift */,
				7DCD0C9D94E9646C2133F3CF /* ScanOverlay.swift */,
				9B21CC68AE15A69B0D2E7FFE /* ScreenHeader.swift */,
				B33A468C929FEA1B3AD1E412 /* SearchField.swift */,
				1CAC76FE966C257D84BC4052 /* SectionHeader.swift */,
				9839C86AA1CA6821F2574C09 /* SegmentTabs.swift */,
				E4EBB65D08CC76601467891D /* StatTile.swift */,
			);
			path = Components;
			sourceTree = "<group>";
		};
		6272CAA629700238739690DD /* Onboarding */ = {
			isa = PBXGroup;
			children = (
				74C8D2528046D25BFBDDCD7C /* OnboardingView.swift */,
			);
			path = Onboarding;
			sourceTree = "<group>";
		};
		6A3B88375EB67640C989A154 /* Products */ = {
			isa = PBXGroup;
			children = (
				6FC3794684572890D03F101E /* Carddex.app */,
				EEE0BEB1891490FBFA7F8559 /* CarddexTests.xctest */,
				18DC918D9DE26EDE893AFC3A /* CarddexWidgets.appex */,
			);
			name = Products;
			sourceTree = "<group>";
		};
		7BE2C8473DF72D70D753DE3D /* Selling */ = {
			isa = PBXGroup;
			children = (
				3B35FE28728CFA6FD42628C2 /* SellSheet.swift */,
			);
			path = Selling;
			sourceTree = "<group>";
		};
		92AB2A1A896E636B2C86045C /* Store */ = {
			isa = PBXGroup;
			children = (
				424090B1B1E2EA31E2F296B3 /* AuthSessionStore.swift */,
				9BBC19AA044ADA07FCB4EC94 /* CollectionItemEntity.swift */,
				FE9CC3A66CA9ED81A958412F /* CollectionStore.swift */,
				7718F1B10971524DBF0D62B8 /* GrailEntryEntity.swift */,
				E7F320E332617D5983FF7747 /* MarketStore.swift */,
				7A3B7B0D7A8C5B47CB112DDC /* PendingScanEntity.swift */,
				838AA1EBA29A332D8059295F /* Persistence.swift */,
				FDD9BB8ABB4ABFBBCDF1BA26 /* PersistenceController.swift */,
				5A83319465EDAF5BE3BB1C94 /* PortfolioHistoryStore.swift */,
				35188C461AFA6E6529F7AD96 /* PortfolioSnapshotEntity.swift */,
				A420A923C6A0572DA99E758C /* PriceAlertEntity.swift */,
				EBB482D4082E58FB4AB042AB /* SubscriptionEntity.swift */,
				C6C56B720E530A7D66C52FD1 /* SubscriptionStore.swift */,
				93BF1FF7E1FE050C253B0756 /* WatchlistStore.swift */,
				45048664F796AC6D913F5030 /* WidgetShared.swift */,
				6ABBA908796778F08DAA6D8B /* WishlistStore.swift */,
				81B0A232669C409FDD1830AE /* GradingStore.swift */,
			);
			path = Store;
			sourceTree = "<group>";
		};
		958F7E100E60BEC2256B575F /* Market */ = {
			isa = PBXGroup;
			children = (
				D5F21CF70871EFF3BD3E4A8B /* AddToPortfolioSheet.swift */,
				ABCBC7C41558503CFFD5D191 /* AlertsView.swift */,
				58A526867D9D1C1B8D5FA6B6 /* ComparisonView.swift */,
				CAF581996BE7C4DE18E7858C /* IndexDetailView.swift */,
				F1DF9E30EF413E210833D0AF /* MarketCardView.swift */,
				4C504F1F6B870EC541D30495 /* MarketView.swift */,
				7CF8BF4EE69D94346D674039 /* SalesChart.swift */,
				93EBC6421F774704263F03D7 /* GradeOrSellCard.swift */,
			);
			path = Market;
			sourceTree = "<group>";
		};
		A1748CCE05E0213556932CF9 /* Models */ = {
			isa = PBXGroup;
			children = (
				651F0C5FCA4E4A93DC5DFA87 /* Card.swift */,
				BB2C9E8CC255BD14F8A0808E /* CardCondition.swift */,
				2DBCC8AADADB125C30C59456 /* CardGame.swift */,
				6C4DFC49D84E3195DE6FD8DF /* CardSet.swift */,
				A0C867666CD3C8B620FC2B2C /* CollectionItem.swift */,
				4E91C38193031B0D40DEEBA3 /* MarketData.swift */,
				2B0B81F9276E47C30F3F9507 /* MarketIndexEntry.swift */,
				A509AB568997A722F0896EC9 /* Money.swift */,
				B87334A1E7485DC97242BA9E /* Rarity.swift */,
				D09449BE08055A2CCACDFCFB /* SportCategory.swift */,
				2059ECF049D317DA5DFD8C74 /* GradingSubmission.swift */,
			);
			path = Models;
			sourceTree = "<group>";
		};
		A8E96B37C4959D7BDB37659C /* Tools */ = {
			isa = PBXGroup;
			children = (
				F1E003B3EF556E74AB9BAC5F /* PSACalculatorView.swift */,
				8B1C2ABE1C12D758BFD07B73 /* InsuranceReportView.swift */,
				8D5F86FE7CFF5773B52C5976 /* CertLookupView.swift */,
				58168779579EA97D2895A385 /* CSVImportExportView.swift */,
				3F261A90CD3120B31A3B2118 /* HealthScoreView.swift */,
				F93ACFB4612F0CBEF2A2DAD9 /* ToolsView.swift */,
				8DCC1DC23E5C7BBD6BCB513E /* GradingTrackerView.swift */,
				580A852264D0A4C7C858C953 /* SetCompletionView.swift */,
				A9E5B2FE2BBAFC25CE792D2F /* TradeModeView.swift */,
				07D68EB87B69DED264F5314D /* AllocationChartsView.swift */,
				4C9C6B252C02A3F02C728A67 /* SpendingTrackerView.swift */,
			);
			name = Tools;
			path = Tools;
			sourceTree = "<group>";
		};
		B3F9994528FB4C2967EB2D60 /* Services */ = {
			isa = PBXGroup;
			children = (
				F82D6DA06E9FD6F0F0ACAEA8 /* AppConfig.swift */,
				1583D1A4FDF1B504091E7DAB /* AuthService.swift */,
				33296CD9469A347C30B77CC2 /* CameraScanView.swift */,
				EAF4D5A89AF79062C925BD0A /* CardTextRecognizer.swift */,
				3ABACF0BBB51F47C38FE8FF6 /* FakeIdentificationService.swift */,
				958BBB2331B3227EC56ABA59 /* IdentificationService.swift */,
				64F1684A467DD1A178BC7310 /* KeychainStore.swift */,
				9E614259B52E7A8AE90DDCEA /* LiveIdentificationService.swift */,
				FDCF3C33E16D085D2109D2A6 /* Marketplace.swift */,
				A4A4A4A4A4A4A4A4A4A4A4A4 /* PushRegistrationCenter.swift */,
				F5F5F5F5F5F5F5F5F5F5F5F5 /* NotificationService.swift */,
				F8A43A7A1CAF3FC080F4F724 /* MarketService.swift */,
				DECFAD4285A3AD2FD2A804E1 /* MotionManager.swift */,
				6AC8DC0FE2BF7ED2E1EDCD1E /* StoreKitService.swift */,
				CA0541F0AAD8E5B5A6FB369F /* SyncDTOs.swift */,
				D044749602A869DF642F0F63 /* SyncEngine.swift */,
				3B92879482B63511CF239965 /* SyncService.swift */,
				0DD9EAB1CDDA11F741B98815 /* CSVService.swift */,
				B4A7178CD03D1942E1C4E21C /* CollectionHealthScore.swift */,
				9AE7460564B13F3C160E61BF /* CertLookupService.swift */,
				DB5DEA4FC6BDC6708BF7FFE1 /* DepreciationMonitor.swift */,
			);
			path = Services;
			sourceTree = "<group>";
		};
		C32B98996FB9E80A1CE9BEAC /* Portfolio */ = {
			isa = PBXGroup;
			children = (
				BFD4A6606A9F78A0E683361D /* PortfolioView.swift */,
				E1E1E1E1E1E1E1E1E1E1E1E1 /* WeeklyRecapView.swift */,
			);
			path = Portfolio;
			sourceTree = "<group>";
		};
		C7C5B48887DAF9C07D1DE4CF /* DesignSystem */ = {
			isa = PBXGroup;
			children = (
				5CD721849A62838D4E72B51B /* Color+Hex.swift */,
				83E23565FFD3CD968B8F9515 /* Haptics.swift */,
				6E61FDB4D59D4C62D3E4F3BC /* Theme.swift */,
				5B092E1888F4F29CBC18B4CE /* VaultBackground.swift */,
				4F1296536807F6833B109E6F /* Components */,
			);
			path = DesignSystem;
			sourceTree = "<group>";
		};
		C7DC56698E395B9BCF0E6E5A /* Features */ = {
			isa = PBXGroup;
			children = (
				3B558D36CD7CC9632589EB80 /* Collection */,
				EEE00DB23427EFC25BFE9297 /* Grails */,
				958F7E100E60BEC2256B575F /* Market */,
				6272CAA629700238739690DD /* Onboarding */,
				16D633D3C8ED0F0D52B606BD /* Paywall */,
				C32B98996FB9E80A1CE9BEAC /* Portfolio */,
				30CF2E042559D751658FEBD0 /* Scan */,
				7BE2C8473DF72D70D753DE3D /* Selling */,
				E70DFD868343583542F6035F /* Settings */,
				E80C634BE90549F66CB1B57C /* Sharing */,
				A8E96B37C4959D7BDB37659C /* Tools */,
			);
			path = Features;
			sourceTree = "<group>";
		};
		CB532C9048E6385C8F447B3D /* Intents */ = {
			isa = PBXGroup;
			children = (
				F763C803C14E173F6DE15795 /* CaseIntents.swift */,
			);
			path = Intents;
			sourceTree = "<group>";
		};
		E70DFD868343583542F6035F /* Settings */ = {
			isa = PBXGroup;
			children = (
				920932ED4E4C0CA56E893E28 /* SettingsView.swift */,
			);
			path = Settings;
			sourceTree = "<group>";
		};
		E7544C897EECEE2E471E6B76 /* CarddexWidgets */ = {
			isa = PBXGroup;
			children = (
				35FE7A202296FDACB9D0952D /* CarddexWidgets.entitlements */,
				C8D95645CD675C1D2C7F08E4 /* CarddexWidgets.swift */,
				5ABEE7DCC3D74EF96336A9EF /* Info.plist */,
			);
			path = CarddexWidgets;
			sourceTree = "<group>";
		};
		E80C634BE90549F66CB1B57C /* Sharing */ = {
			isa = PBXGroup;
			children = (
				C675E730028BCDA946961EA9 /* SharePosters.swift */,
			);
			path = Sharing;
			sourceTree = "<group>";
		};
		EAF50800B1FE886CBE2FDA2B /* SampleData */ = {
			isa = PBXGroup;
			children = (
				3D7A3C2C21CF6D463F8F74C1 /* SampleData.swift */,
				4E0CA5228B59BAD88970D085 /* SampleData+Market.swift */,
			);
			path = SampleData;
			sourceTree = "<group>";
		};
		EEE00DB23427EFC25BFE9297 /* Grails */ = {
			isa = PBXGroup;
			children = (
				A3672CAE8531685F917C83C8 /* GrailsView.swift */,
			);
			path = Grails;
			sourceTree = "<group>";
		};
		F27936B221D0321CC1AA8822 = {
			isa = PBXGroup;
			children = (
				115AF2F1CA3722031A4DC021 /* Carddex */,
				28915D1D9911B9190BC7A0D0 /* CarddexTests */,
				E7544C897EECEE2E471E6B76 /* CarddexWidgets */,
				6A3B88375EB67640C989A154 /* Products */,
			);
			sourceTree = "<group>";
		};
/* End PBXGroup section */

/* Begin PBXNativeTarget section */
		55A8FF2F82CD3F4CBFDC96C0 /* CarddexTests */ = {
			isa = PBXNativeTarget;
			buildConfigurationList = 34299449044727A58DFC3DC5 /* Build configuration list for PBXNativeTarget "CarddexTests" */;
			buildPhases = (
				ACDBC3733AD3B0666D59BD8B /* Sources */,
			);
			buildRules = (
			);
			dependencies = (
				BE02478FB6925D052D68857C /* PBXTargetDependency */,
			);
			name = CarddexTests;
			productName = CarddexTests;
			productReference = EEE0BEB1891490FBFA7F8559 /* CarddexTests.xctest */;
			productType = "com.apple.product-type.bundle.unit-test";
		};
		AB4AE457B06AD5882FB1FBAA /* CarddexWidgets */ = {
			isa = PBXNativeTarget;
			buildConfigurationList = 86A93C946CEA2EDB39C1F9BD /* Build configuration list for PBXNativeTarget "CarddexWidgets" */;
			buildPhases = (
				88DB6F9E14CCEB00DCC4F0B5 /* Sources */,
			);
			buildRules = (
			);
			dependencies = (
			);
			name = CarddexWidgets;
			productName = CarddexWidgets;
			productReference = 18DC918D9DE26EDE893AFC3A /* CarddexWidgets.appex */;
			productType = "com.apple.product-type.app-extension";
		};
		F38D1F3D42836AEF06E5B43B /* Carddex */ = {
			isa = PBXNativeTarget;
			buildConfigurationList = 2655E8EACB3F39ACEFE4277A /* Build configuration list for PBXNativeTarget "Carddex" */;
			buildPhases = (
				C1BFA2F4EBCCEEA81AA0A45F /* Sources */,
				8852E3F2336B85E567FC3057 /* Resources */,
				0E908FDB2B3DB78F187AE9DC /* Embed Foundation Extensions */,
			);
			buildRules = (
			);
			dependencies = (
				8F9504CD10C04B928B04AED1 /* PBXTargetDependency */,
			);
			name = Carddex;
			productName = Carddex;
			productReference = 6FC3794684572890D03F101E /* Carddex.app */;
			productType = "com.apple.product-type.application";
		};
/* End PBXNativeTarget section */

/* Begin PBXProject section */
		234FAE2A2FCE8DFCDC45A09A /* Project object */ = {
			isa = PBXProject;
			attributes = {
				BuildIndependentTargetsInParallel = YES;
				LastUpgradeCheck = 1430;
				TargetAttributes = {
					55A8FF2F82CD3F4CBFDC96C0 = {
						DevelopmentTeam = "";
						ProvisioningStyle = Automatic;
					};
					AB4AE457B06AD5882FB1FBAA = {
						DevelopmentTeam = "";
						ProvisioningStyle = Automatic;
					};
					F38D1F3D42836AEF06E5B43B = {
						DevelopmentTeam = "";
						ProvisioningStyle = Automatic;
					};
				};
			};
			buildConfigurationList = 3D35AADD330E32A6FC044407 /* Build configuration list for PBXProject "Carddex" */;
			developmentRegion = en;
			hasScannedForEncodings = 0;
			knownRegions = (
				Base,
				en,
			);
			mainGroup = F27936B221D0321CC1AA8822;
			minimizedProjectReferenceProxies = 1;
			preferredProjectObjectVersion = 77;
			productRefGroup = 6A3B88375EB67640C989A154 /* Products */;
			projectDirPath = "";
			projectRoot = "";
			targets = (
				F38D1F3D42836AEF06E5B43B /* Carddex */,
				55A8FF2F82CD3F4CBFDC96C0 /* CarddexTests */,
				AB4AE457B06AD5882FB1FBAA /* CarddexWidgets */,
			);
		};
/* End PBXProject section */

/* Begin PBXResourcesBuildPhase section */
		8852E3F2336B85E567FC3057 /* Resources */ = {
			isa = PBXResourcesBuildPhase;
			buildActionMask = 2147483647;
			files = (
				67DBE634474BAEFF979AB1B9 /* Assets.xcassets in Resources */,
				12DE74AF60DE0D5FB57FE783 /* OFL.txt in Resources */,
				EDD0CC12FD6C39EA5ACE18C7 /* PrivacyInfo.xcprivacy in Resources */,
				F7F0180AB789046259C0656B /* SpaceGrotesk-Bold.ttf in Resources */,
				3F90E60EE16F4269F38A469E /* SpaceGrotesk-Medium.ttf in Resources */,
				8901BF890AB56315C5729F14 /* SpaceGrotesk-SemiBold.ttf in Resources */,
			);
			runOnlyForDeploymentPostprocessing = 0;
		};
/* End PBXResourcesBuildPhase section */

/* Begin PBXSourcesBuildPhase section */
		88DB6F9E14CCEB00DCC4F0B5 /* Sources */ = {
			isa = PBXSourcesBuildPhase;
			buildActionMask = 2147483647;
			files = (
				CD1534ABE94F209AADA37914 /* CarddexWidgets.swift in Sources */,
				CDED8705ED5D8377EF0E9576 /* Color+Hex.swift in Sources */,
				9E89CE03E11D5AE6C788DA03 /* Theme.swift in Sources */,
				CFF1D604C9741BB3E268672D /* WidgetShared.swift in Sources */,
			);
			runOnlyForDeploymentPostprocessing = 0;
		};
		ACDBC3733AD3B0666D59BD8B /* Sources */ = {
			isa = PBXSourcesBuildPhase;
			buildActionMask = 2147483647;
			files = (
				0B6087E5C2E23D695ADB97BD /* AuthSessionStoreTests.swift in Sources */,
				105A14F37A4F6759E5C88994 /* CollectionStoreTests.swift in Sources */,
				6AE064B96DB0B9A31A9BA7BF /* IdentificationServiceTests.swift in Sources */,
				BFE265BC042139EF5EF13A3F /* MarketStoreTests.swift in Sources */,
				4D0B486C9A50F1E162E7B8F7 /* MarketplaceTests.swift in Sources */,
				221F2C1FF6A2D3CF05F21CBF /* MoneyTests.swift in Sources */,
				E7C234D6B393F1860EEFC0A6 /* SubscriptionStoreTests.swift in Sources */,
				6CD661FF6C5F7CA73B06EA17 /* SwiftDataPersistenceTests.swift in Sources */,
				54FD0E67CB8B6D6B003B5026 /* SyncEngineTests.swift in Sources */,
				199146D63E921C6735E1D89F /* SyncServiceTests.swift in Sources */,
				EF502BD244FE9C89E33EC46C /* WatchlistStoreTests.swift in Sources */,
				D8498B56BC92F163CF02B298 /* WidgetSnapshotTests.swift in Sources */,
				00E00DEDF2E6A1B2E43F2B04 /* WishlistStoreTests.swift in Sources */,
			);
			runOnlyForDeploymentPostprocessing = 0;
		};
		C1BFA2F4EBCCEEA81AA0A45F /* Sources */ = {
			isa = PBXSourcesBuildPhase;
			buildActionMask = 2147483647;
			files = (
				9F8232CBA22A08B6E09B4DA1 /* AddToPortfolioSheet.swift in Sources */,
				85B68CEC13C14A398DA11557 /* AlertsView.swift in Sources */,
				9B90F360258706B4F05E6608 /* AppConfig.swift in Sources */,
				FBE4AC16D042484B4DEFE566 /* AppEnvironment.swift in Sources */,
				CCBC8D58DE318ED40CC96F11 /* AppRouter.swift in Sources */,
				9A715B9ACF65EA1096C48C81 /* AuthService.swift in Sources */,
				F4994CB000973A9C136450EE /* AuthSessionStore.swift in Sources */,
				F3FA1E33E259AEA47F86AA2C /* BinderPageView.swift in Sources */,
				F2C24D494EB51785D53D0E89 /* BulkScanView.swift in Sources */,
				E4E4E4E4E4E4E4E4E4E4E4E4 /* BatchValueSummaryView.swift in Sources */,
				EEC00DC6CE66295AE76A6647 /* CachedAsyncImage.swift in Sources */,
				0F21845C3A975132A40CFC40 /* CameraScanView.swift in Sources */,
				B8685AEED4FD8338E81BDC48 /* Card.swift in Sources */,
				AE18F7E53335D11C36F462FF /* CardArtwork.swift in Sources */,
				AE41BDC851115C7890AADBB2 /* CardCell.swift in Sources */,
				BC7FFE053211DA48861099C6 /* CardCondition.swift in Sources */,
				848406F03B29B526068F8A5D /* CardDetailView.swift in Sources */,
				980CB4AB3FAE27FE27C508AF /* CardGame.swift in Sources */,
				9AA606E5AEA664FAF18457C1 /* CardPriceChart.swift in Sources */,
				AA2E9C19D851F0BCF570521F /* CardSet.swift in Sources */,
				08B8A308209E7BF1EE8901ED /* CardTextRecognizer.swift in Sources */,
				153F104711530D0197A30B5C /* CarddexApp.swift in Sources */,
				A1A1A1A1A1A1A1A1A1A1A1A1 /* AppDelegate.swift in Sources */,
				A3A3A3A3A3A3A3A3A3A3A3A3 /* PushRegistrationCenter.swift in Sources */,
				15C5B597BEF2FB25E0B2FACD /* CaseIntents.swift in Sources */,
				72150FAE787739BE708B0677 /* Chip.swift in Sources */,
				99448162D54E299777620591 /* CircleIconButton.swift in Sources */,
				8FE56926EC900900F3BF4C7C /* CollectionItem.swift in Sources */,
				08AC35AD255159C812610761 /* CollectionItemEntity.swift in Sources */,
				E01E45E112C6729462FE4981 /* CollectionStore.swift in Sources */,
				61700A1960A3138E997ED2E9 /* CollectionView.swift in Sources */,
				4EF66C024416274EA827ECFA /* Color+Hex.swift in Sources */,
				FACB30A7ECFCEF5E24832BAB /* ComparisonView.swift in Sources */,
				07E74E71986E8DC7E53882E9 /* EmptyState.swift in Sources */,
				A403AA6CB1EADC1D00A457B5 /* FakeIdentificationService.swift in Sources */,
				BC47219B903689644D5F7254 /* FeaturedCard.swift in Sources */,
				D074459745889A7A64CCF577 /* FlipCardView.swift in Sources */,
				E889519F72241D7B7492D225 /* GamePill.swift in Sources */,
				776D1012C007CA566A78CF37 /* GlassTabBar.swift in Sources */,
				BC3A5B0AE811984E687ECBD9 /* GrailEntryEntity.swift in Sources */,
				90682EC87DF617914D921DA4 /* GrailsView.swift in Sources */,
				8B6009926D20F84F3131CFF6 /* Haptics.swift in Sources */,
				938A45158E0AAD1E02933242 /* HolographicFoil.swift in Sources */,
				28C12E1BB0608052504E5B04 /* IdentificationService.swift in Sources */,
				055E63044CE8B668563152AD /* IndexDetailView.swift in Sources */,
				618A33AB5CF2A17FBEDD8395 /* KeychainStore.swift in Sources */,
				258289B15F22DF7F3B9E95C1 /* LiquidGlass.swift in Sources */,
				6EA8BB24CF8F79E84B21105B /* LiveIdentificationService.swift in Sources */,
				A7AF1CFD183F3831EAC36641 /* LivingCardView.swift in Sources */,
				CBAA3404D0BAC6A9EB1DDDD6 /* MarketCardView.swift in Sources */,
				06F64BCB3523A9F41C133BAE /* MarketData.swift in Sources */,
				C6E2CBBB3B830D42C5246C4C /* MarketIndexEntry.swift in Sources */,
				CE270D64BDF6DCF2DD12E013 /* MarketService.swift in Sources */,
				D786440A7204C35A701C2785 /* MarketStore.swift in Sources */,
				089E477FD84631DCFEE20706 /* MarketView.swift in Sources */,
				0FBFEAF00D3690650EF3708D /* Marketplace.swift in Sources */,
				F6F6F6F6F6F6F6F6F6F6F6F6 /* NotificationService.swift in Sources */,
				D8A322320269648D53124204 /* MiniAreaChart.swift in Sources */,
				1961FF26ECB359DE879A8B12 /* Money.swift in Sources */,
				93C3A061777CCC86563D16EF /* MotionManager.swift in Sources */,
				A2E4B0BC1C7C2C64AFBF1E9B /* OnboardingView.swift in Sources */,
				3C9568D196C8FA751CC65759 /* PaywallView.swift in Sources */,
				991DAB1B62F18855FBB5C0CE /* PendingScanEntity.swift in Sources */,
				F9BEA4793AE626F1B930A98C /* Persistence.swift in Sources */,
				C75409C4A074D46E471A8ED6 /* PersistenceController.swift in Sources */,
				741DDF7064C862944D801ADC /* PortfolioHistoryStore.swift in Sources */,
				672F95749F6B7926BB991E1B /* PortfolioSnapshotEntity.swift in Sources */,
				D26B11A7C5B99E908BC8FCC5 /* PortfolioView.swift in Sources */,
				E2E2E2E2E2E2E2E2E2E2E2E2 /* WeeklyRecapView.swift in Sources */,
				E86D323C138F725800410DCD /* PressableStyle.swift in Sources */,
				0C06232C8B8FFD8457A9DF6B /* PriceAlertEntity.swift in Sources */,
				772602228544119EA49EE33F /* PrimaryButton.swift in Sources */,
				EDF6299A587725911A959C9A /* RangeSelector.swift in Sources */,
				AD8952B2E27796D75362BFA8 /* Rarity.swift in Sources */,
				963905B0AB9E3CB106D6803A /* RollingNumber.swift in Sources */,
				EFCDB9CAF184D6971C7E7657 /* RootView.swift in Sources */,
				8A3E5B6B570104B48F718333 /* SalesChart.swift in Sources */,
				50CB8020D544B5DF6B9725D0 /* SampleData+Market.swift in Sources */,
				EBA8CDA2EBEC6876638E5EF7 /* SampleData.swift in Sources */,
				2210C403D1942B4C2B03BCC0 /* ScanOverlay.swift in Sources */,
				0D72AA5EE1AA1070C91A8880 /* ScanView.swift in Sources */,
				72A001F8CC687446805BF207 /* ScreenHeader.swift in Sources */,
				B1A557B3822306023D43BDCB /* SearchField.swift in Sources */,
				75D7EA1410B0803EC1E3975A /* SectionHeader.swift in Sources */,
				370248CA98F1FD36227E510C /* SegmentTabs.swift in Sources */,
				2A5768557312C0E635387BD1 /* SellSheet.swift in Sources */,
				BD33BFD6168950FBFAE6F1D0 /* SetDetailView.swift in Sources */,
				B2ED098BA66E0257B53E2C56 /* SettingsView.swift in Sources */,
				AECFDAFD67B770E0C4DE51C1 /* SharePosters.swift in Sources */,
				C7D3AE1DDEC6EDC0B41A1058 /* SportCategory.swift in Sources */,
				FF46375C1653EF69BFAFC5AB /* StatTile.swift in Sources */,
				4812D16CD99022984D245662 /* StoreKitService.swift in Sources */,
				DDE0C26F35589CE8BFB99311 /* SubscriptionEntity.swift in Sources */,
				27BE6EEBAE1195423B00565B /* SubscriptionStore.swift in Sources */,
				18F620E32284429693BDCC43 /* SyncDTOs.swift in Sources */,
				4F75270125371C220796258B /* SyncEngine.swift in Sources */,
				5704D438B34BD468D3F3DB4E /* SyncService.swift in Sources */,
				475FB3EA40EC8575AE9720A3 /* Theme.swift in Sources */,
				581920CEC21F5FE832C48F3C /* VaultBackground.swift in Sources */,
				232BFD93B70D48B1A1BDE8E8 /* WatchlistStore.swift in Sources */,
				B8570B2FA6CA138FC9343EDF /* WidgetShared.swift in Sources */,
				7D6A2F4498CBFC2FB148807E /* WishlistStore.swift in Sources */,
				25D46557B80B47B38FEB93B4 /* ToolsView.swift in Sources */,
				C71C4646D1DE9DE5C8E7F78A /* CSVService.swift in Sources */,
				592C228A6755EA339C6172B1 /* CollectionHealthScore.swift in Sources */,
				AD343DDB5115F920D8142C8C /* CertLookupService.swift in Sources */,
				51173DA2A7ABA4BEB7220C02 /* DepreciationMonitor.swift in Sources */,
				0F5ADA788797CB4111467632 /* PSACalculatorView.swift in Sources */,
				C393A17CC730E0B06D034D81 /* InsuranceReportView.swift in Sources */,
				F3BCCAC3E913CBAA12A5E424 /* CertLookupView.swift in Sources */,
				D3CCD775237BE3588EA76241 /* CSVImportExportView.swift in Sources */,
				1D3BA0C1088BCC7587A79515 /* HealthScoreView.swift in Sources */,
				135B5CDE091A005518DE8293 /* GradingSubmission.swift in Sources */,
				2A536E147FBDDC8E08E060F6 /* GradingStore.swift in Sources */,
				25F437358A92D11CE212A54F /* GradeOrSellCard.swift in Sources */,
				D25A8FC1A930C17797833698 /* GradingTrackerView.swift in Sources */,
				A7D727D1842F8041BA964632 /* SetCompletionView.swift in Sources */,
				E0DFB98E966F64C6560E0EDF /* TradeModeView.swift in Sources */,
				56CE00A07166FE334F1D9EA4 /* AllocationChartsView.swift in Sources */,
				BE1C577F9B87303CF24809EE /* SpendingTrackerView.swift in Sources */,
			);
			runOnlyForDeploymentPostprocessing = 0;
		};
/* End PBXSourcesBuildPhase section */

/* Begin PBXTargetDependency section */
		8F9504CD10C04B928B04AED1 /* PBXTargetDependency */ = {
			isa = PBXTargetDependency;
			target = AB4AE457B06AD5882FB1FBAA /* CarddexWidgets */;
			targetProxy = A6A62DEF230C57B91C672AA6 /* PBXContainerItemProxy */;
		};
		BE02478FB6925D052D68857C /* PBXTargetDependency */ = {
			isa = PBXTargetDependency;
			target = F38D1F3D42836AEF06E5B43B /* Carddex */;
			targetProxy = 195AF4C820B98CF33D88E0B5 /* PBXContainerItemProxy */;
		};
/* End PBXTargetDependency section */

/* Begin XCBuildConfiguration section */
		1C87078A4BC898C50B2877FD /* Release */ = {
			isa = XCBuildConfiguration;
			buildSettings = {
				ALWAYS_SEARCH_USER_PATHS = NO;
				CLANG_ANALYZER_NONNULL = YES;
				CLANG_ANALYZER_NUMBER_OBJECT_CONVERSION = YES_AGGRESSIVE;
				CLANG_CXX_LANGUAGE_STANDARD = "gnu++14";
				CLANG_CXX_LIBRARY = "libc++";
				CLANG_ENABLE_MODULES = YES;
				CLANG_ENABLE_OBJC_ARC = YES;
				CLANG_ENABLE_OBJC_WEAK = YES;
				CLANG_WARN_BLOCK_CAPTURE_AUTORELEASING = YES;
				CLANG_WARN_BOOL_CONVERSION = YES;
				CLANG_WARN_COMMA = YES;
				CLANG_WARN_CONSTANT_CONVERSION = YES;
				CLANG_WARN_DEPRECATED_OBJC_IMPLEMENTATIONS = YES;
				CLANG_WARN_DIRECT_OBJC_ISA_USAGE = YES_ERROR;
				CLANG_WARN_DOCUMENTATION_COMMENTS = YES;
				CLANG_WARN_EMPTY_BODY = YES;
				CLANG_WARN_ENUM_CONVERSION = YES;
				CLANG_WARN_INFINITE_RECURSION = YES;
				CLANG_WARN_INT_CONVERSION = YES;
				CLANG_WARN_NON_LITERAL_NULL_CONVERSION = YES;
				CLANG_WARN_OBJC_IMPLICIT_RETAIN_SELF = YES;
				CLANG_WARN_OBJC_LITERAL_CONVERSION = YES;
				CLANG_WARN_OBJC_ROOT_CLASS = YES_ERROR;
				CLANG_WARN_QUOTED_INCLUDE_IN_FRAMEWORK_HEADER = YES;
				CLANG_WARN_RANGE_LOOP_ANALYSIS = YES;
				CLANG_WARN_STRICT_PROTOTYPES = YES;
				CLANG_WARN_SUSPICIOUS_MOVE = YES;
				CLANG_WARN_UNGUARDED_AVAILABILITY = YES_AGGRESSIVE;
				CLANG_WARN_UNREACHABLE_CODE = YES;
				CLANG_WARN__DUPLICATE_METHOD_MATCH = YES;
				CODE_SIGN_STYLE = Automatic;
				COPY_PHASE_STRIP = NO;
				CURRENT_PROJECT_VERSION = 1;
				DEBUG_INFORMATION_FORMAT = "dwarf-with-dsym";
				DEVELOPMENT_TEAM = "";
				ENABLE_NS_ASSERTIONS = NO;
				ENABLE_STRICT_OBJC_MSGSEND = YES;
				GCC_C_LANGUAGE_STANDARD = gnu11;
				GCC_NO_COMMON_BLOCKS = YES;
				GCC_WARN_64_TO_32_BIT_CONVERSION = YES;
				GCC_WARN_ABOUT_RETURN_TYPE = YES_ERROR;
				GCC_WARN_UNDECLARED_SELECTOR = YES;
				GCC_WARN_UNINITIALIZED_AUTOS = YES_AGGRESSIVE;
				GCC_WARN_UNUSED_FUNCTION = YES;
				GCC_WARN_UNUSED_VARIABLE = YES;
				IPHONEOS_DEPLOYMENT_TARGET = 18.0;
				MARKETING_VERSION = 0.1.0;
				MTL_ENABLE_DEBUG_INFO = NO;
				MTL_FAST_MATH = YES;
				PRODUCT_NAME = "$(TARGET_NAME)";
				SDKROOT = iphoneos;
				SWIFT_COMPILATION_MODE = wholemodule;
				SWIFT_OPTIMIZATION_LEVEL = "-O";
				SWIFT_VERSION = 6.0;
			};
			name = Release;
		};
		2D9AF2E409921E331F6689CE /* Release */ = {
			isa = XCBuildConfiguration;
			buildSettings = {
				BUNDLE_LOADER = "$(TEST_HOST)";
				GENERATE_INFOPLIST_FILE = YES;
				LD_RUNPATH_SEARCH_PATHS = (
					"$(inherited)",
					"@executable_path/Frameworks",
					"@loader_path/Frameworks",
				);
				PRODUCT_BUNDLE_IDENTIFIER = com.carddex.app.tests;
				SDKROOT = iphoneos;
				TARGETED_DEVICE_FAMILY = "1,2";
				TEST_HOST = "$(BUILT_PRODUCTS_DIR)/Carddex.app/Carddex";
			};
			name = Release;
		};
		33C81DF791279662FD67FC17 /* Release */ = {
			isa = XCBuildConfiguration;
			buildSettings = {
				CODE_SIGN_ENTITLEMENTS = CarddexWidgets/CarddexWidgets.entitlements;
				GENERATE_INFOPLIST_FILE = NO;
				INFOPLIST_FILE = CarddexWidgets/Info.plist;
				LD_RUNPATH_SEARCH_PATHS = (
					"$(inherited)",
					"@executable_path/Frameworks",
					"@executable_path/../../Frameworks",
				);
				PRODUCT_BUNDLE_IDENTIFIER = com.carddex.app.widgets;
				SDKROOT = iphoneos;
				SKIP_INSTALL = YES;
				TARGETED_DEVICE_FAMILY = 1;
			};
			name = Release;
		};
		97FBBEB69943BB75D730A361 /* Debug */ = {
			isa = XCBuildConfiguration;
			buildSettings = {
				ASSETCATALOG_COMPILER_APPICON_NAME = AppIcon;
				ASSETCATALOG_COMPILER_GLOBAL_ACCENT_COLOR_NAME = AccentColor;
				CODE_SIGN_ENTITLEMENTS = Carddex/Carddex.entitlements;
				CODE_SIGN_IDENTITY = "iPhone Developer";
				GENERATE_INFOPLIST_FILE = NO;
				INFOPLIST_FILE = Carddex/Info.plist;
				LD_RUNPATH_SEARCH_PATHS = (
					"$(inherited)",
					"@executable_path/Frameworks",
				);
				PRODUCT_BUNDLE_IDENTIFIER = com.carddex.app;
				SDKROOT = iphoneos;
				TARGETED_DEVICE_FAMILY = 1;
			};
			name = Debug;
		};
		A3AE3F705DD139E1DC814B7A /* Debug */ = {
			isa = XCBuildConfiguration;
			buildSettings = {
				BUNDLE_LOADER = "$(TEST_HOST)";
				GENERATE_INFOPLIST_FILE = YES;
				LD_RUNPATH_SEARCH_PATHS = (
					"$(inherited)",
					"@executable_path/Frameworks",
					"@loader_path/Frameworks",
				);
				PRODUCT_BUNDLE_IDENTIFIER = com.carddex.app.tests;
				SDKROOT = iphoneos;
				TARGETED_DEVICE_FAMILY = "1,2";
				TEST_HOST = "$(BUILT_PRODUCTS_DIR)/Carddex.app/Carddex";
			};
			name = Debug;
		};
		E22A758C59FB51121837715F /* Release */ = {
			isa = XCBuildConfiguration;
			buildSettings = {
				ASSETCATALOG_COMPILER_APPICON_NAME = AppIcon;
				ASSETCATALOG_COMPILER_GLOBAL_ACCENT_COLOR_NAME = AccentColor;
				CODE_SIGN_ENTITLEMENTS = Carddex/Carddex.entitlements;
				CODE_SIGN_IDENTITY = "iPhone Developer";
				GENERATE_INFOPLIST_FILE = NO;
				INFOPLIST_FILE = Carddex/Info.plist;
				LD_RUNPATH_SEARCH_PATHS = (
					"$(inherited)",
					"@executable_path/Frameworks",
				);
				PRODUCT_BUNDLE_IDENTIFIER = com.carddex.app;
				SDKROOT = iphoneos;
				TARGETED_DEVICE_FAMILY = 1;
			};
			name = Release;
		};
		E784236DDC2367C53DE0D4BE /* Debug */ = {
			isa = XCBuildConfiguration;
			buildSettings = {
				CODE_SIGN_ENTITLEMENTS = CarddexWidgets/CarddexWidgets.entitlements;
				GENERATE_INFOPLIST_FILE = NO;
				INFOPLIST_FILE = CarddexWidgets/Info.plist;
				LD_RUNPATH_SEARCH_PATHS = (
					"$(inherited)",
					"@executable_path/Frameworks",
					"@executable_path/../../Frameworks",
				);
				PRODUCT_BUNDLE_IDENTIFIER = com.carddex.app.widgets;
				SDKROOT = iphoneos;
				SKIP_INSTALL = YES;
				TARGETED_DEVICE_FAMILY = 1;
			};
			name = Debug;
		};
		E7E4FDF8DBC78611D899EC0E /* Debug */ = {
			isa = XCBuildConfiguration;
			buildSettings = {
				ALWAYS_SEARCH_USER_PATHS = NO;
				CLANG_ANALYZER_NONNULL = YES;
				CLANG_ANALYZER_NUMBER_OBJECT_CONVERSION = YES_AGGRESSIVE;
				CLANG_CXX_LANGUAGE_STANDARD = "gnu++14";
				CLANG_CXX_LIBRARY = "libc++";
				CLANG_ENABLE_MODULES = YES;
				CLANG_ENABLE_OBJC_ARC = YES;
				CLANG_ENABLE_OBJC_WEAK = YES;
				CLANG_WARN_BLOCK_CAPTURE_AUTORELEASING = YES;
				CLANG_WARN_BOOL_CONVERSION = YES;
				CLANG_WARN_COMMA = YES;
				CLANG_WARN_CONSTANT_CONVERSION = YES;
				CLANG_WARN_DEPRECATED_OBJC_IMPLEMENTATIONS = YES;
				CLANG_WARN_DIRECT_OBJC_ISA_USAGE = YES_ERROR;
				CLANG_WARN_DOCUMENTATION_COMMENTS = YES;
				CLANG_WARN_EMPTY_BODY = YES;
				CLANG_WARN_ENUM_CONVERSION = YES;
				CLANG_WARN_INFINITE_RECURSION = YES;
				CLANG_WARN_INT_CONVERSION = YES;
				CLANG_WARN_NON_LITERAL_NULL_CONVERSION = YES;
				CLANG_WARN_OBJC_IMPLICIT_RETAIN_SELF = YES;
				CLANG_WARN_OBJC_LITERAL_CONVERSION = YES;
				CLANG_WARN_OBJC_ROOT_CLASS = YES_ERROR;
				CLANG_WARN_QUOTED_INCLUDE_IN_FRAMEWORK_HEADER = YES;
				CLANG_WARN_RANGE_LOOP_ANALYSIS = YES;
				CLANG_WARN_STRICT_PROTOTYPES = YES;
				CLANG_WARN_SUSPICIOUS_MOVE = YES;
				CLANG_WARN_UNGUARDED_AVAILABILITY = YES_AGGRESSIVE;
				CLANG_WARN_UNREACHABLE_CODE = YES;
				CLANG_WARN__DUPLICATE_METHOD_MATCH = YES;
				CODE_SIGN_STYLE = Automatic;
				COPY_PHASE_STRIP = NO;
				CURRENT_PROJECT_VERSION = 1;
				DEBUG_INFORMATION_FORMAT = dwarf;
				DEVELOPMENT_TEAM = "";
				ENABLE_STRICT_OBJC_MSGSEND = YES;
				ENABLE_TESTABILITY = YES;
				GCC_C_LANGUAGE_STANDARD = gnu11;
				GCC_DYNAMIC_NO_PIC = NO;
				GCC_NO_COMMON_BLOCKS = YES;
				GCC_OPTIMIZATION_LEVEL = 0;
				GCC_PREPROCESSOR_DEFINITIONS = (
					"$(inherited)",
					"DEBUG=1",
				);
				GCC_WARN_64_TO_32_BIT_CONVERSION = YES;
				GCC_WARN_ABOUT_RETURN_TYPE = YES_ERROR;
				GCC_WARN_UNDECLARED_SELECTOR = YES;
				GCC_WARN_UNINITIALIZED_AUTOS = YES_AGGRESSIVE;
				GCC_WARN_UNUSED_FUNCTION = YES;
				GCC_WARN_UNUSED_VARIABLE = YES;
				IPHONEOS_DEPLOYMENT_TARGET = 18.0;
				MARKETING_VERSION = 0.1.0;
				MTL_ENABLE_DEBUG_INFO = INCLUDE_SOURCE;
				MTL_FAST_MATH = YES;
				ONLY_ACTIVE_ARCH = YES;
				PRODUCT_NAME = "$(TARGET_NAME)";
				SDKROOT = iphoneos;
				SWIFT_ACTIVE_COMPILATION_CONDITIONS = DEBUG;
				SWIFT_OPTIMIZATION_LEVEL = "-Onone";
				SWIFT_VERSION = 6.0;
			};
			name = Debug;
		};
/* End XCBuildConfiguration section */

/* Begin XCConfigurationList section */
		2655E8EACB3F39ACEFE4277A /* Build configuration list for PBXNativeTarget "Carddex" */ = {
			isa = XCConfigurationList;
			buildConfigurations = (
				97FBBEB69943BB75D730A361 /* Debug */,
				E22A758C59FB51121837715F /* Release */,
			);
			defaultConfigurationIsVisible = 0;
			defaultConfigurationName = Debug;
		};
		34299449044727A58DFC3DC5 /* Build configuration list for PBXNativeTarget "CarddexTests" */ = {
			isa = XCConfigurationList;
			buildConfigurations = (
				A3AE3F705DD139E1DC814B7A /* Debug */,
				2D9AF2E409921E331F6689CE /* Release */,
			);
			defaultConfigurationIsVisible = 0;
			defaultConfigurationName = Debug;
		};
		3D35AADD330E32A6FC044407 /* Build configuration list for PBXProject "Carddex" */ = {
			isa = XCConfigurationList;
			buildConfigurations = (
				E7E4FDF8DBC78611D899EC0E /* Debug */,
				1C87078A4BC898C50B2877FD /* Release */,
			);
			defaultConfigurationIsVisible = 0;
			defaultConfigurationName = Debug;
		};
		86A93C946CEA2EDB39C1F9BD /* Build configuration list for PBXNativeTarget "CarddexWidgets" */ = {
			isa = XCConfigurationList;
			buildConfigurations = (
				E784236DDC2367C53DE0D4BE /* Debug */,
				33C81DF791279662FD67FC17 /* Release */,
			);
			defaultConfigurationIsVisible = 0;
			defaultConfigurationName = Debug;
		};
/* End XCConfigurationList section */
	};
	rootObject = 234FAE2A2FCE8DFCDC45A09A /* Project object */;
}
