// !$*UTF8*$!
{
	archiveVersion = 1;
	classes = {
	};
	objectVersion = 77;
	objects = {

/* Begin PBXBuildFile section */
		055E63044CE8B668563152AD /* IndexDetailView.swift in Sources */ = {isa = PBXBuildFile; fileRef = CAF581996BE7C4DE18E7858C /* IndexDetailView.swift */; };
		06F64BCB3523A9F41C133BAE /* MarketData.swift in Sources */ = {isa = PBXBuildFile; fileRef = 4E91C38193031B0D40DEEBA3 /* MarketData.swift */; };
		07E74E71986E8DC7E53882E9 /* EmptyState.swift in Sources */ = {isa = PBXBuildFile; fileRef = 8F724DDD9B26E77DF91C0E01 /* EmptyState.swift */; };
		089E477FD84631DCFEE20706 /* MarketView.swift in Sources */ = {isa = PBXBuildFile; fileRef = 4C504F1F6B870EC541D30495 /* MarketView.swift */; };
		08B8A308209E7BF1EE8901ED /* CardTextRecognizer.swift in Sources */ = {isa = PBXBuildFile; fileRef = EAF4D5A89AF79062C925BD0A /* CardTextRecognizer.swift */; };
		0D72AA5EE1AA1070C91A8880 /* ScanView.swift in Sources */ = {isa = PBXBuildFile; fileRef = 84BBBF0733DDB546EAAE7073 /* ScanView.swift */; };
		0F21845C3A975132A40CFC40 /* CameraScanView.swift in Sources */ = {isa = PBXBuildFile; fileRef = 33296CD9469A347C30B77CC2 /* CameraScanView.swift */; };
		0FBFEAF00D3690650EF3708D /* Marketplace.swift in Sources */ = {isa = PBXBuildFile; fileRef = FDCF3C33E16D085D2109D2A6 /* Marketplace.swift */; };
		105A14F37A4F6759E5C88994 /* CollectionStoreTests.swift in Sources */ = {isa = PBXBuildFile; fileRef = 5D4A16F993AACB48ADD5A8F8 /* CollectionStoreTests.swift */; };
		153F104711530D0197A30B5C /* CarddexApp.swift in Sources */ = {isa = PBXBuildFile; fileRef = A108D336F75F134A6B6521FA /* CarddexApp.swift */; };
		1961FF26ECB359DE879A8B12 /* Money.swift in Sources */ = {isa = PBXBuildFile; fileRef = A509AB568997A722F0896EC9 /* Money.swift */; };
		232BFD93B70D48B1A1BDE8E8 /* WatchlistStore.swift in Sources */ = {isa = PBXBuildFile; fileRef = 93BF1FF7E1FE050C253B0756 /* WatchlistStore.swift */; };
		27BE6EEBAE1195423B00565B /* SubscriptionStore.swift in Sources */ = {isa = PBXBuildFile; fileRef = C6C56B720E530A7D66C52FD1 /* SubscriptionStore.swift */; };
		28C12E1BB0608052504E5B04 /* IdentificationService.swift in Sources */ = {isa = PBXBuildFile; fileRef = 958BBB2331B3227EC56ABA59 /* IdentificationService.swift */; };
		2A5768557312C0E635387BD1 /* SellSheet.swift in Sources */ = {isa = PBXBuildFile; fileRef = 3B35FE28728CFA6FD42628C2 /* SellSheet.swift */; };
		3C9568D196C8FA751CC65759 /* PaywallView.swift in Sources */ = {isa = PBXBuildFile; fileRef = F01A5F9065BE33CAFE70E85C /* PaywallView.swift */; };
		475FB3EA40EC8575AE9720A3 /* Theme.swift in Sources */ = {isa = PBXBuildFile; fileRef = 6E61FDB4D59D4C62D3E4F3BC /* Theme.swift */; };
		4EF66C024416274EA827ECFA /* Color+Hex.swift in Sources */ = {isa = PBXBuildFile; fileRef = 5CD721849A62838D4E72B51B /* Color+Hex.swift */; };
		50CB8020D544B5DF6B9725D0 /* SampleData+Market.swift in Sources */ = {isa = PBXBuildFile; fileRef = 4E0CA5228B59BAD88970D085 /* SampleData+Market.swift */; };
		581920CEC21F5FE832C48F3C /* VaultBackground.swift in Sources */ = {isa = PBXBuildFile; fileRef = 5B092E1888F4F29CBC18B4CE /* VaultBackground.swift */; };
		5B2F84A1D9416F7F3B383EB6 /* CarddexWidgets.appex in Embed Foundation Extensions */ = {isa = PBXBuildFile; fileRef = 18DC918D9DE26EDE893AFC3A /* CarddexWidgets.appex */; settings = {ATTRIBUTES = (RemoveHeadersOnCopy, ); }; };
		61700A1960A3138E997ED2E9 /* CollectionView.swift in Sources */ = {isa = PBXBuildFile; fileRef = F75D7BC2E7A21E4EBF139228 /* CollectionView.swift */; };
		67DBE634474BAEFF979AB1B9 /* Assets.xcassets in Resources */ = {isa = PBXBuildFile; fileRef = CB964D2472427C0D8EFC781C /* Assets.xcassets */; };
		6EA8BB24CF8F79E84B21105B /* LiveIdentificationService.swift in Sources */ = {isa = PBXBuildFile; fileRef = 9E614259B52E7A8AE90DDCEA /* LiveIdentificationService.swift */; };
		772602228544119EA49EE33F /* PrimaryButton.swift in Sources */ = {isa = PBXBuildFile; fileRef = 12F9A8F39FFB78DEC1DD2EE4 /* PrimaryButton.swift */; };
		776D1012C007CA566A78CF37 /* GlassTabBar.swift in Sources */ = {isa = PBXBuildFile; fileRef = CB9FA29969F1BC99FB176AC7 /* GlassTabBar.swift */; };
		848406F03B29B526068F8A5D /* CardDetailView.swift in Sources */ = {isa = PBXBuildFile; fileRef = 985EF2F1A2F4BF585C51D827 /* CardDetailView.swift */; };
		85B68CEC13C14A398DA11557 /* AlertsView.swift in Sources */ = {isa = PBXBuildFile; fileRef = ABCBC7C41558503CFFD5D191 /* AlertsView.swift */; };
		8A3E5B6B570104B48F718333 /* SalesChart.swift in Sources */ = {isa = PBXBuildFile; fileRef = 7CF8BF4EE69D94346D674039 /* SalesChart.swift */; };
		8B6009926D20F84F3131CFF6 /* Haptics.swift in Sources */ = {isa = PBXBuildFile; fileRef = 83E23565FFD3CD968B8F9515 /* Haptics.swift */; };
		8FE56926EC900900F3BF4C7C /* CollectionItem.swift in Sources */ = {isa = PBXBuildFile; fileRef = A0C867666CD3C8B620FC2B2C /* CollectionItem.swift */; };
		938A45158E0AAD1E02933242 /* HolographicFoil.swift in Sources */ = {isa = PBXBuildFile; fileRef = E92A2C1DE0913631EB1B570A /* HolographicFoil.swift */; };
		93C3A061777CCC86563D16EF /* MotionManager.swift in Sources */ = {isa = PBXBuildFile; fileRef = DECFAD4285A3AD2FD2A804E1 /* MotionManager.swift */; };
		980CB4AB3FAE27FE27C508AF /* CardGame.swift in Sources */ = {isa = PBXBuildFile; fileRef = 2DBCC8AADADB125C30C59456 /* CardGame.swift */; };
		9AA606E5AEA664FAF18457C1 /* CardPriceChart.swift in Sources */ = {isa = PBXBuildFile; fileRef = 01EDBC0F174AC957E35849E2 /* CardPriceChart.swift */; };
		9B90F360258706B4F05E6608 /* AppConfig.swift in Sources */ = {isa = PBXBuildFile; fileRef = F82D6DA06E9FD6F0F0ACAEA8 /* AppConfig.swift */; };
		9E89CE03E11D5AE6C788DA03 /* Theme.swift in Sources */ = {isa = PBXBuildFile; fileRef = 6E61FDB4D59D4C62D3E4F3BC /* Theme.swift */; };
		9F8232CBA22A08B6E09B4DA1 /* AddToPortfolioSheet.swift in Sources */ = {isa = PBXBuildFile; fileRef = D5F21CF70871EFF3BD3E4A8B /* AddToPortfolioSheet.swift */; };
		A2E4B0BC1C7C2C64AFBF1E9B /* OnboardingView.swift in Sources */ = {isa = PBXBuildFile; fileRef = 74C8D2528046D25BFBDDCD7C /* OnboardingView.swift */; };
		A403AA6CB1EADC1D00A457B5 /* FakeIdentificationService.swift in Sources */ = {isa = PBXBuildFile; fileRef = 3ABACF0BBB51F47C38FE8FF6 /* FakeIdentificationService.swift */; };
		A7AF1CFD183F3831EAC36641 /* LivingCardView.swift in Sources */ = {isa = PBXBuildFile; fileRef = 80FE3F83D01FA4D5E388F3C8 /* LivingCardView.swift */; };
		AA2E9C19D851F0BCF570521F /* CardSet.swift in Sources */ = {isa = PBXBuildFile; fileRef = 6C4DFC49D84E3195DE6FD8DF /* CardSet.swift */; };
		AD8952B2E27796D75362BFA8 /* Rarity.swift in Sources */ = {isa = PBXBuildFile; fileRef = B87334A1E7485DC97242BA9E /* Rarity.swift */; };
		AE18F7E53335D11C36F462FF /* CardArtwork.swift in Sources */ = {isa = PBXBuildFile; fileRef = 1FF03BD99BC1FF413B539467 /* CardArtwork.swift */; };
		AE41BDC851115C7890AADBB2 /* CardCell.swift in Sources */ = {isa = PBXBuildFile; fileRef = AA8F04774E0D43F60A439C60 /* CardCell.swift */; };
		AECFDAFD67B770E0C4DE51C1 /* SharePosters.swift in Sources */ = {isa = PBXBuildFile; fileRef = C675E730028BCDA946961EA9 /* SharePosters.swift */; };
		B2ED098BA66E0257B53E2C56 /* SettingsView.swift in Sources */ = {isa = PBXBuildFile; fileRef = 920932ED4E4C0CA56E893E28 /* SettingsView.swift */; };
		B8570B2FA6CA138FC9343EDF /* WidgetShared.swift in Sources */ = {isa = PBXBuildFile; fileRef = 45048664F796AC6D913F5030 /* WidgetShared.swift */; };
		B8685AEED4FD8338E81BDC48 /* Card.swift in Sources */ = {isa = PBXBuildFile; fileRef = 651F0C5FCA4E4A93DC5DFA87 /* Card.swift */; };
		BC7FFE053211DA48861099C6 /* CardCondition.swift in Sources */ = {isa = PBXBuildFile; fileRef = BB2C9E8CC255BD14F8A0808E /* CardCondition.swift */; };
		C6E2CBBB3B830D42C5246C4C /* MarketIndexEntry.swift in Sources */ = {isa = PBXBuildFile; fileRef = 2B0B81F9276E47C30F3F9507 /* MarketIndexEntry.swift */; };
		C7D3AE1DDEC6EDC0B41A1058 /* SportCategory.swift in Sources */ = {isa = PBXBuildFile; fileRef = D09449BE08055A2CCACDFCFB /* SportCategory.swift */; };
		CBAA3404D0BAC6A9EB1DDDD6 /* MarketCardView.swift in Sources */ = {isa = PBXBuildFile; fileRef = F1DF9E30EF413E210833D0AF /* MarketCardView.swift */; };
		CCBC8D58DE318ED40CC96F11 /* AppRouter.swift in Sources */ = {isa = PBXBuildFile; fileRef = 14F4FB1E29E55D21AB1A0747 /* AppRouter.swift */; };
		CD1534ABE94F209AADA37914 /* CarddexWidgets.swift in Sources */ = {isa = PBXBuildFile; fileRef = C8D95645CD675C1D2C7F08E4 /* CarddexWidgets.swift */; };
		CDED8705ED5D8377EF0E9576 /* Color+Hex.swift in Sources */ = {isa = PBXBuildFile; fileRef = 5CD721849A62838D4E72B51B /* Color+Hex.swift */; };
		CE270D64BDF6DCF2DD12E013 /* MarketService.swift in Sources */ = {isa = PBXBuildFile; fileRef = F8A43A7A1CAF3FC080F4F724 /* MarketService.swift */; };
		CFF1D604C9741BB3E268672D /* WidgetShared.swift in Sources */ = {isa = PBXBuildFile; fileRef = 45048664F796AC6D913F5030 /* WidgetShared.swift */; };
		D26B11A7C5B99E908BC8FCC5 /* PortfolioView.swift in Sources */ = {isa = PBXBuildFile; fileRef = BFD4A6606A9F78A0E683361D /* PortfolioView.swift */; };
		D786440A7204C35A701C2785 /* MarketStore.swift in Sources */ = {isa = PBXBuildFile; fileRef = E7F320E332617D5983FF7747 /* MarketStore.swift */; };
		D8A322320269648D53124204 /* MiniAreaChart.swift in Sources */ = {isa = PBXBuildFile; fileRef = E45964136E933A7B84200BAD /* MiniAreaChart.swift */; };
		E01E45E112C6729462FE4981 /* CollectionStore.swift in Sources */ = {isa = PBXBuildFile; fileRef = FE9CC3A66CA9ED81A958412F /* CollectionStore.swift */; };
		E889519F72241D7B7492D225 /* GamePill.swift in Sources */ = {isa = PBXBuildFile; fileRef = BF19D95A1447D88D0B089130 /* GamePill.swift */; };
		EBA8CDA2EBEC6876638E5EF7 /* SampleData.swift in Sources */ = {isa = PBXBuildFile; fileRef = 3D7A3C2C21CF6D463F8F74C1 /* SampleData.swift */; };
		EDD0CC12FD6C39EA5ACE18C7 /* PrivacyInfo.xcprivacy in Resources */ = {isa = PBXBuildFile; fileRef = 8F6CCD200180A066E994DE36 /* PrivacyInfo.xcprivacy */; };
		EDF6299A587725911A959C9A /* RangeSelector.swift in Sources */ = {isa = PBXBuildFile; fileRef = 0D6BFD98907DFC2E6956DB9A /* RangeSelector.swift */; };
		EEC00DC6CE66295AE76A6647 /* CachedAsyncImage.swift in Sources */ = {isa = PBXBuildFile; fileRef = E313ED651E765ACFDC063ACB /* CachedAsyncImage.swift */; };
		EFCDB9CAF184D6971C7E7657 /* RootView.swift in Sources */ = {isa = PBXBuildFile; fileRef = 6641D60939CA82CD0B026D90 /* RootView.swift */; };
		F2C24D494EB51785D53D0E89 /* BulkScanView.swift in Sources */ = {isa = PBXBuildFile; fileRef = 23805BAE2F7E272E06D51717 /* BulkScanView.swift */; };
		F3FA1E33E259AEA47F86AA2C /* BinderPageView.swift in Sources */ = {isa = PBXBuildFile; fileRef = 3617587A04CE5CFE2223FA98 /* BinderPageView.swift */; };
		F9BEA4793AE626F1B930A98C /* Persistence.swift in Sources */ = {isa = PBXBuildFile; fileRef = 838AA1EBA29A332D8059295F /* Persistence.swift */; };
		FACB30A7ECFCEF5E24832BAB /* ComparisonView.swift in Sources */ = {isa = PBXBuildFile; fileRef = 58A526867D9D1C1B8D5FA6B6 /* ComparisonView.swift */; };
		FBE4AC16D042484B4DEFE566 /* AppEnvironment.swift in Sources */ = {isa = PBXBuildFile; fileRef = 913E5E48832603A6B4238A3D /* AppEnvironment.swift */; };
		FF46375C1653EF69BFAFC5AB /* StatTile.swift in Sources */ = {isa = PBXBuildFile; fileRef = E4EBB65D08CC76601467891D /* StatTile.swift */; };
/* End PBXBuildFile section */

/* Begin PBXContainerItemProxy section */
		195AF4C820B98CF33D88E0B5 /* PBXContainerItemProxy */ = {
			isa = PBXContainerItemProxy;
			containerPortal = 234FAE2A2FCE8DFCDC45A09A /* Project object */;
			proxyType = 1;
			remoteGlobalIDString = F38D1F3D42836AEF06E5B43B;
			remoteInfo = Carddex;
		};
		A6A62DEF230C57B91C672AA6 /* PBXContainerItemProxy */ = {
			isa = PBXContainerItemProxy;
			containerPortal = 234FAE2A2FCE8DFCDC45A09A /* Project object */;
			proxyType = 1;
			remoteGlobalIDString = AB4AE457B06AD5882FB1FBAA;
			remoteInfo = CarddexWidgets;
		};
/* End PBXContainerItemProxy section */

/* Begin PBXCopyFilesBuildPhase section */
		0E908FDB2B3DB78F187AE9DC /* Embed Foundation Extensions */ = {
			isa = PBXCopyFilesBuildPhase;
			buildActionMask = 2147483647;
			dstPath = "";
			dstSubfolderSpec = 13;
			files = (
				5B2F84A1D9416F7F3B383EB6 /* CarddexWidgets.appex in Embed Foundation Extensions */,
			);
			name = "Embed Foundation Extensions";
			runOnlyForDeploymentPostprocessing = 0;
		};
/* End PBXCopyFilesBuildPhase section */

/* Begin PBXFileReference section */
		01EDBC0F174AC957E35849E2 /* CardPriceChart.swift */ = {isa = PBXFileReference; lastKnownFileType = sourcecode.swift; path = CardPriceChart.swift; sourceTree = "<group>"; };
		0D6BFD98907DFC2E6956DB9A /* RangeSelector.swift */ = {isa = PBXFileReference; lastKnownFileType = sourcecode.swift; path = RangeSelector.swift; sourceTree = "<group>"; };
		12F9A8F39FFB78DEC1DD2EE4 /* PrimaryButton.swift */ = {isa = PBXFileReference; lastKnownFileType = sourcecode.swift; path = PrimaryButton.swift; sourceTree = "<group>"; };
		14F4FB1E29E55D21AB1A0747 /* AppRouter.swift */ = {isa = PBXFileReference; lastKnownFileType = sourcecode.swift; path = AppRouter.swift; sourceTree = "<group>"; };
		18DC918D9DE26EDE893AFC3A /* CarddexWidgets.appex */ = {isa = PBXFileReference; includeInIndex = 0; lastKnownFileType = "wrapper.app-extension"; path = CarddexWidgets.appex; sourceTree = BUILT_PRODUCTS_DIR; };
		1FF03BD99BC1FF413B539467 /* CardArtwork.swift */ = {isa = PBXFileReference; lastKnownFileType = sourcecode.swift; path = CardArtwork.swift; sourceTree = "<group>"; };
		23805BAE2F7E272E06D51717 /* BulkScanView.swift */ = {isa = PBXFileReference; lastKnownFileType = sourcecode.swift; path = BulkScanView.swift; sourceTree = "<group>"; };
		2B0B81F9276E47C30F3F9507 /* MarketIndexEntry.swift */ = {isa = PBXFileReference; lastKnownFileType = sourcecode.swift; path = MarketIndexEntry.swift; sourceTree = "<group>"; };
		2DBCC8AADADB125C30C59456 /* CardGame.swift */ = {isa = PBXFileReference; lastKnownFileType = sourcecode.swift; path = CardGame.swift; sourceTree = "<group>"; };
		33296CD9469A347C30B77CC2 /* CameraScanView.swift */ = {isa = PBXFileReference; lastKnownFileType = sourcecode.swift; path = CameraScanView.swift; sourceTree = "<group>"; };
		35FE7A202296FDACB9D0952D /* CarddexWidgets.entitlements */ = {isa = PBXFileReference; lastKnownFileType = text.plist.entitlements; path = CarddexWidgets.entitlements; sourceTree = "<group>"; };
		3617587A04CE5CFE2223FA98 /* BinderPageView.swift */ = {isa = PBXFileReference; lastKnownFileType = sourcecode.swift; path = BinderPageView.swift; sourceTree = "<group>"; };
		3ABACF0BBB51F47C38FE8FF6 /* FakeIdentificationService.swift */ = {isa = PBXFileReference; lastKnownFileType = sourcecode.swift; path = FakeIdentificationService.swift; sourceTree = "<group>"; };
		3B35FE28728CFA6FD42628C2 /* SellSheet.swift */ = {isa = PBXFileReference; lastKnownFileType = sourcecode.swift; path = SellSheet.swift; sourceTree = "<group>"; };
		3D7A3C2C21CF6D463F8F74C1 /* SampleData.swift */ = {isa = PBXFileReference; lastKnownFileType = sourcecode.swift; path = SampleData.swift; sourceTree = "<group>"; };
		45048664F796AC6D913F5030 /* WidgetShared.swift */ = {isa = PBXFileReference; lastKnownFileType = sourcecode.swift; path = WidgetShared.swift; sourceTree = "<group>"; };
		4C504F1F6B870EC541D30495 /* MarketView.swift */ = {isa = PBXFileReference; lastKnownFileType = sourcecode.swift; path = MarketView.swift; sourceTree = "<group>"; };
		4E0CA5228B59BAD88970D085 /* SampleData+Market.swift */ = {isa = PBXFileReference; lastKnownFileType = sourcecode.swift; path = "SampleData+Market.swift"; sourceTree = "<group>"; };
		4E91C38193031B0D40DEEBA3 /* MarketData.swift */ = {isa = PBXFileReference; lastKnownFileType = sourcecode.swift; path = MarketData.swift; sourceTree = "<group>"; };
		58A526867D9D1C1B8D5FA6B6 /* ComparisonView.swift */ = {isa = PBXFileReference; lastKnownFileType = sourcecode.swift; path = ComparisonView.swift; sourceTree = "<group>"; };
		5ABEE7DCC3D74EF96336A9EF /* Info.plist */ = {isa = PBXFileReference; lastKnownFileType = text.plist; path = Info.plist; sourceTree = "<group>"; };
		5B092E1888F4F29CBC18B4CE /* VaultBackground.swift */ = {isa = PBXFileReference; lastKnownFileType = sourcecode.swift; path = VaultBackground.swift; sourceTree = "<group>"; };
		5CD721849A62838D4E72B51B /* Color+Hex.swift */ = {isa = PBXFileReference; lastKnownFileType = sourcecode.swift; path = "Color+Hex.swift"; sourceTree = "<group>"; };
		5D4A16F993AACB48ADD5A8F8 /* CollectionStoreTests.swift */ = {isa = PBXFileReference; lastKnownFileType = sourcecode.swift; path = CollectionStoreTests.swift; sourceTree = "<group>"; };
		651F0C5FCA4E4A93DC5DFA87 /* Card.swift */ = {isa = PBXFileReference; lastKnownFileType = sourcecode.swift; path = Card.swift; sourceTree = "<group>"; };
		6641D60939CA82CD0B026D90 /* RootView.swift */ = {isa = PBXFileReference; lastKnownFileType = sourcecode.swift; path = RootView.swift; sourceTree = "<group>"; };
		6C4DFC49D84E3195DE6FD8DF /* CardSet.swift */ = {isa = PBXFileReference; lastKnownFileType = sourcecode.swift; path = CardSet.swift; sourceTree = "<group>"; };
		6E61FDB4D59D4C62D3E4F3BC /* Theme.swift */ = {isa = PBXFileReference; lastKnownFileType = sourcecode.swift; path = Theme.swift; sourceTree = "<group>"; };
		6FC3794684572890D03F101E /* Carddex.app */ = {isa = PBXFileReference; includeInIndex = 0; lastKnownFileType = wrapper.application; path = Carddex.app; sourceTree = BUILT_PRODUCTS_DIR; };
		74C8D2528046D25BFBDDCD7C /* OnboardingView.swift */ = {isa = PBXFileReference; lastKnownFileType = sourcecode.swift; path = OnboardingView.swift; sourceTree = "<group>"; };
		7CF8BF4EE69D94346D674039 /* SalesChart.swift */ = {isa = PBXFileReference; lastKnownFileType = sourcecode.swift; path = SalesChart.swift; sourceTree = "<group>"; };
		80FE3F83D01FA4D5E388F3C8 /* LivingCardView.swift */ = {isa = PBXFileReference; lastKnownFileType = sourcecode.swift; path = LivingCardView.swift; sourceTree = "<group>"; };
		838AA1EBA29A332D8059295F /* Persistence.swift */ = {isa = PBXFileReference; lastKnownFileType = sourcecode.swift; path = Persistence.swift; sourceTree = "<group>"; };
		83E23565FFD3CD968B8F9515 /* Haptics.swift */ = {isa = PBXFileReference; lastKnownFileType = sourcecode.swift; path = Haptics.swift; sourceTree = "<group>"; };
		83F861B6B6CD841B7CA7D208 /* Info.plist */ = {isa = PBXFileReference; lastKnownFileType = text.plist; path = Info.plist; sourceTree = "<group>"; };
		84BBBF0733DDB546EAAE7073 /* ScanView.swift */ = {isa = PBXFileReference; lastKnownFileType = sourcecode.swift; path = ScanView.swift; sourceTree = "<group>"; };
		8F6CCD200180A066E994DE36 /* PrivacyInfo.xcprivacy */ = {isa = PBXFileReference; path = PrivacyInfo.xcprivacy; sourceTree = "<group>"; };
		8F724DDD9B26E77DF91C0E01 /* EmptyState.swift */ = {isa = PBXFileReference; lastKnownFileType = sourcecode.swift; path = EmptyState.swift; sourceTree = "<group>"; };
		913E5E48832603A6B4238A3D /* AppEnvironment.swift */ = {isa = PBXFileReference; lastKnownFileType = sourcecode.swift; path = AppEnvironment.swift; sourceTree = "<group>"; };
		920932ED4E4C0CA56E893E28 /* SettingsView.swift */ = {isa = PBXFileReference; lastKnownFileType = sourcecode.swift; path = SettingsView.swift; sourceTree = "<group>"; };
		93BF1FF7E1FE050C253B0756 /* WatchlistStore.swift */ = {isa = PBXFileReference; lastKnownFileType = sourcecode.swift; path = WatchlistStore.swift; sourceTree = "<group>"; };
		958BBB2331B3227EC56ABA59 /* IdentificationService.swift */ = {isa = PBXFileReference; lastKnownFileType = sourcecode.swift; path = IdentificationService.swift; sourceTree = "<group>"; };
		985EF2F1A2F4BF585C51D827 /* CardDetailView.swift */ = {isa = PBXFileReference; lastKnownFileType = sourcecode.swift; path = CardDetailView.swift; sourceTree = "<group>"; };
		9E614259B52E7A8AE90DDCEA /* LiveIdentificationService.swift */ = {isa = PBXFileReference; lastKnownFileType = sourcecode.swift; path = LiveIdentificationService.swift; sourceTree = "<group>"; };
		A0C867666CD3C8B620FC2B2C /* CollectionItem.swift */ = {isa = PBXFileReference; lastKnownFileType = sourcecode.swift; path = CollectionItem.swift; sourceTree = "<group>"; };
		A108D336F75F134A6B6521FA /* CarddexApp.swift */ = {isa = PBXFileReference; lastKnownFileType = sourcecode.swift; path = CarddexApp.swift; sourceTree = "<group>"; };
		A509AB568997A722F0896EC9 /* Money.swift */ = {isa = PBXFileReference; lastKnownFileType = sourcecode.swift; path = Money.swift; sourceTree = "<group>"; };
		AA8F04774E0D43F60A439C60 /* CardCell.swift */ = {isa = PBXFileReference; lastKnownFileType = sourcecode.swift; path = CardCell.swift; sourceTree = "<group>"; };
		ABCBC7C41558503CFFD5D191 /* AlertsView.swift */ = {isa = PBXFileReference; lastKnownFileType = sourcecode.swift; path = AlertsView.swift; sourceTree = "<group>"; };
		B87334A1E7485DC97242BA9E /* Rarity.swift */ = {isa = PBXFileReference; lastKnownFileType = sourcecode.swift; path = Rarity.swift; sourceTree = "<group>"; };
		BB2C9E8CC255BD14F8A0808E /* CardCondition.swift */ = {isa = PBXFileReference; lastKnownFileType = sourcecode.swift; path = CardCondition.swift; sourceTree = "<group>"; };
		BF19D95A1447D88D0B089130 /* GamePill.swift */ = {isa = PBXFileReference; lastKnownFileType = sourcecode.swift; path = GamePill.swift; sourceTree = "<group>"; };
		BFD4A6606A9F78A0E683361D /* PortfolioView.swift */ = {isa = PBXFileReference; lastKnownFileType = sourcecode.swift; path = PortfolioView.swift; sourceTree = "<group>"; };
		C675E730028BCDA946961EA9 /* SharePosters.swift */ = {isa = PBXFileReference; lastKnownFileType = sourcecode.swift; path = SharePosters.swift; sourceTree = "<group>"; };
		C6C56B720E530A7D66C52FD1 /* SubscriptionStore.swift */ = {isa = PBXFileReference; lastKnownFileType = sourcecode.swift; path = SubscriptionStore.swift; sourceTree = "<group>"; };
		C8D95645CD675C1D2C7F08E4 /* CarddexWidgets.swift */ = {isa = PBXFileReference; lastKnownFileType = sourcecode.swift; path = CarddexWidgets.swift; sourceTree = "<group>"; };
		CAF581996BE7C4DE18E7858C /* IndexDetailView.swift */ = {isa = PBXFileReference; lastKnownFileType = sourcecode.swift; path = IndexDetailView.swift; sourceTree = "<group>"; };
		CB964D2472427C0D8EFC781C /* Assets.xcassets */ = {isa = PBXFileReference; lastKnownFileType = folder.assetcatalog; path = Assets.xcassets; sourceTree = "<group>"; };
		CB9FA29969F1BC99FB176AC7 /* GlassTabBar.swift */ = {isa = PBXFileReference; lastKnownFileType = sourcecode.swift; path = GlassTabBar.swift; sourceTree = "<group>"; };
		D09449BE08055A2CCACDFCFB /* SportCategory.swift */ = {isa = PBXFileReference; lastKnownFileType = sourcecode.swift; path = SportCategory.swift; sourceTree = "<group>"; };
		D5F21CF70871EFF3BD3E4A8B /* AddToPortfolioSheet.swift */ = {isa = PBXFileReference; lastKnownFileType = sourcecode.swift; path = AddToPortfolioSheet.swift; sourceTree = "<group>"; };
		DECFAD4285A3AD2FD2A804E1 /* MotionManager.swift */ = {isa = PBXFileReference; lastKnownFileType = sourcecode.swift; path = MotionManager.swift; sourceTree = "<group>"; };
		E313ED651E765ACFDC063ACB /* CachedAsyncImage.swift */ = {isa = PBXFileReference; lastKnownFileType = sourcecode.swift; path = CachedAsyncImage.swift; sourceTree = "<group>"; };
		E45964136E933A7B84200BAD /* MiniAreaChart.swift */ = {isa = PBXFileReference; lastKnownFileType = sourcecode.swift; path = MiniAreaChart.swift; sourceTree = "<group>"; };
		E4EBB65D08CC76601467891D /* StatTile.swift */ = {isa = PBXFileReference; lastKnownFileType = sourcecode.swift; path = StatTile.swift; sourceTree = "<group>"; };
		E7F320E332617D5983FF7747 /* MarketStore.swift */ = {isa = PBXFileReference; lastKnownFileType = sourcecode.swift; path = MarketStore.swift; sourceTree = "<group>"; };
		E92A2C1DE0913631EB1B570A /* HolographicFoil.swift */ = {isa = PBXFileReference; lastKnownFileType = sourcecode.swift; path = HolographicFoil.swift; sourceTree = "<group>"; };
		EAF4D5A89AF79062C925BD0A /* CardTextRecognizer.swift */ = {isa = PBXFileReference; lastKnownFileType = sourcecode.swift; path = CardTextRecognizer.swift; sourceTree = "<group>"; };
		EEE0BEB1891490FBFA7F8559 /* CarddexTests.xctest */ = {isa = PBXFileReference; includeInIndex = 0; lastKnownFileType = wrapper.cfbundle; path = CarddexTests.xctest; sourceTree = BUILT_PRODUCTS_DIR; };
		F01A5F9065BE33CAFE70E85C /* PaywallView.swift */ = {isa = PBXFileReference; lastKnownFileType = sourcecode.swift; path = PaywallView.swift; sourceTree = "<group>"; };
		F1DF9E30EF413E210833D0AF /* MarketCardView.swift */ = {isa = PBXFileReference; lastKnownFileType = sourcecode.swift; path = MarketCardView.swift; sourceTree = "<group>"; };
		F33660361B124FA61A7F37C6 /* Carddex.entitlements */ = {isa = PBXFileReference; lastKnownFileType = text.plist.entitlements; path = Carddex.entitlements; sourceTree = "<group>"; };
		F75D7BC2E7A21E4EBF139228 /* CollectionView.swift */ = {isa = PBXFileReference; lastKnownFileType = sourcecode.swift; path = CollectionView.swift; sourceTree = "<group>"; };
		F82D6DA06E9FD6F0F0ACAEA8 /* AppConfig.swift */ = {isa = PBXFileReference; lastKnownFileType = sourcecode.swift; path = AppConfig.swift; sourceTree = "<group>"; };
		F8A43A7A1CAF3FC080F4F724 /* MarketService.swift */ = {isa = PBXFileReference; lastKnownFileType = sourcecode.swift; path = MarketService.swift; sourceTree = "<group>"; };
		FDCF3C33E16D085D2109D2A6 /* Marketplace.swift */ = {isa = PBXFileReference; lastKnownFileType = sourcecode.swift; path = Marketplace.swift; sourceTree = "<group>"; };
		FE9CC3A66CA9ED81A958412F /* CollectionStore.swift */ = {isa = PBXFileReference; lastKnownFileType = sourcecode.swift; path = CollectionStore.swift; sourceTree = "<group>"; };
/* End PBXFileReference section */

/* Begin PBXGroup section */
		115AF2F1CA3722031A4DC021 /* Carddex */ = {
			isa = PBXGroup;
			children = (
				F33660361B124FA61A7F37C6 /* Carddex.entitlements */,
				83F861B6B6CD841B7CA7D208 /* Info.plist */,
				2BD790D509D4FDB0B9FCFF65 /* App */,
				C7C5B48887DAF9C07D1DE4CF /* DesignSystem */,
				C7DC56698E395B9BCF0E6E5A /* Features */,
				A1748CCE05E0213556932CF9 /* Models */,
				124409B06EA5736B6D3CF931 /* Resources */,
				EAF50800B1FE886CBE2FDA2B /* SampleData */,
				B3F9994528FB4C2967EB2D60 /* Services */,
				92AB2A1A896E636B2C86045C /* Store */,
			);
			path = Carddex;
			sourceTree = "<group>";
		};
		124409B06EA5736B6D3CF931 /* Resources */ = {
			isa = PBXGroup;
			children = (
				CB964D2472427C0D8EFC781C /* Assets.xcassets */,
				8F6CCD200180A066E994DE36 /* PrivacyInfo.xcprivacy */,
			);
			path = Resources;
			sourceTree = "<group>";
		};
		16D633D3C8ED0F0D52B606BD /* Paywall */ = {
			isa = PBXGroup;
			children = (
				F01A5F9065BE33CAFE70E85C /* PaywallView.swift */,
			);
			path = Paywall;
			sourceTree = "<group>";
		};
		28915D1D9911B9190BC7A0D0 /* CarddexTests */ = {
			isa = PBXGroup;
			children = (
				5D4A16F993AACB48ADD5A8F8 /* CollectionStoreTests.swift */,
			);
			path = CarddexTests;
			sourceTree = "<group>";
		};
		2BD790D509D4FDB0B9FCFF65 /* App */ = {
			isa = PBXGroup;
			children = (
				913E5E48832603A6B4238A3D /* AppEnvironment.swift */,
				14F4FB1E29E55D21AB1A0747 /* AppRouter.swift */,
				A108D336F75F134A6B6521FA /* CarddexApp.swift */,
				6641D60939CA82CD0B026D90 /* RootView.swift */,
			);
			path = App;
			sourceTree = "<group>";
		};
		30CF2E042559D751658FEBD0 /* Scan */ = {
			isa = PBXGroup;
			children = (
				23805BAE2F7E272E06D51717 /* BulkScanView.swift */,
				84BBBF0733DDB546EAAE7073 /* ScanView.swift */,
			);
			path = Scan;
			sourceTree = "<group>";
		};
		3B558D36CD7CC9632589EB80 /* Collection */ = {
			isa = PBXGroup;
			children = (
				985EF2F1A2F4BF585C51D827 /* CardDetailView.swift */,
				01EDBC0F174AC957E35849E2 /* CardPriceChart.swift */,
				F75D7BC2E7A21E4EBF139228 /* CollectionView.swift */,
			);
			path = Collection;
			sourceTree = "<group>";
		};
		4F1296536807F6833B109E6F /* Components */ = {
			isa = PBXGroup;
			children = (
				3617587A04CE5CFE2223FA98 /* BinderPageView.swift */,
				E313ED651E765ACFDC063ACB /* CachedAsyncImage.swift */,
				1FF03BD99BC1FF413B539467 /* CardArtwork.swift */,
				AA8F04774E0D43F60A439C60 /* CardCell.swift */,
				8F724DDD9B26E77DF91C0E01 /* EmptyState.swift */,
				BF19D95A1447D88D0B089130 /* GamePill.swift */,
				CB9FA29969F1BC99FB176AC7 /* GlassTabBar.swift */,
				E92A2C1DE0913631EB1B570A /* HolographicFoil.swift */,
				80FE3F83D01FA4D5E388F3C8 /* LivingCardView.swift */,
				E45964136E933A7B84200BAD /* MiniAreaChart.swift */,
				12F9A8F39FFB78DEC1DD2EE4 /* PrimaryButton.swift */,
				0D6BFD98907DFC2E6956DB9A /* RangeSelector.swift */,
				E4EBB65D08CC76601467891D /* StatTile.swift */,
			);
			path = Components;
			sourceTree = "<group>";
		};
		6272CAA629700238739690DD /* Onboarding */ = {
			isa = PBXGroup;
			children = (
				74C8D2528046D25BFBDDCD7C /* OnboardingView.swift */,
			);
			path = Onboarding;
			sourceTree = "<group>";
		};
		6A3B88375EB67640C989A154 /* Products */ = {
			isa = PBXGroup;
			children = (
				6FC3794684572890D03F101E /* Carddex.app */,
				EEE0BEB1891490FBFA7F8559 /* CarddexTests.xctest */,
				18DC918D9DE26EDE893AFC3A /* CarddexWidgets.appex */,
			);
			name = Products;
			sourceTree = "<group>";
		};
		7BE2C8473DF72D70D753DE3D /* Selling */ = {
			isa = PBXGroup;
			children = (
				3B35FE28728CFA6FD42628C2 /* SellSheet.swift */,
			);
			path = Selling;
			sourceTree = "<group>";
		};
		92AB2A1A896E636B2C86045C /* Store */ = {
			isa = PBXGroup;
			children = (
				FE9CC3A66CA9ED81A958412F /* CollectionStore.swift */,
				E7F320E332617D5983FF7747 /* MarketStore.swift */,
				838AA1EBA29A332D8059295F /* Persistence.swift */,
				C6C56B720E530A7D66C52FD1 /* SubscriptionStore.swift */,
				93BF1FF7E1FE050C253B0756 /* WatchlistStore.swift */,
				45048664F796AC6D913F5030 /* WidgetShared.swift */,
			);
			path = Store;
			sourceTree = "<group>";
		};
		958F7E100E60BEC2256B575F /* Market */ = {
			isa = PBXGroup;
			children = (
				D5F21CF70871EFF3BD3E4A8B /* AddToPortfolioSheet.swift */,
				ABCBC7C41558503CFFD5D191 /* AlertsView.swift */,
				58A526867D9D1C1B8D5FA6B6 /* ComparisonView.swift */,
				CAF581996BE7C4DE18E7858C /* IndexDetailView.swift */,
				F1DF9E30EF413E210833D0AF /* MarketCardView.swift */,
				4C504F1F6B870EC541D30495 /* MarketView.swift */,
				7CF8BF4EE69D94346D674039 /* SalesChart.swift */,
			);
			path = Market;
			sourceTree = "<group>";
		};
		A1748CCE05E0213556932CF9 /* Models */ = {
			isa = PBXGroup;
			children = (
				651F0C5FCA4E4A93DC5DFA87 /* Card.swift */,
				BB2C9E8CC255BD14F8A0808E /* CardCondition.swift */,
				2DBCC8AADADB125C30C59456 /* CardGame.swift */,
				6C4DFC49D84E3195DE6FD8DF /* CardSet.swift */,
				A0C867666CD3C8B620FC2B2C /* CollectionItem.swift */,
				4E91C38193031B0D40DEEBA3 /* MarketData.swift */,
				2B0B81F9276E47C30F3F9507 /* MarketIndexEntry.swift */,
				A509AB568997A722F0896EC9 /* Money.swift */,
				B87334A1E7485DC97242BA9E /* Rarity.swift */,
				D09449BE08055A2CCACDFCFB /* SportCategory.swift */,
			);
			path = Models;
			sourceTree = "<group>";
		};
		B3F9994528FB4C2967EB2D60 /* Services */ = {
			isa = PBXGroup;
			children = (
				F82D6DA06E9FD6F0F0ACAEA8 /* AppConfig.swift */,
				33296CD9469A347C30B77CC2 /* CameraScanView.swift */,
				EAF4D5A89AF79062C925BD0A /* CardTextRecognizer.swift */,
				3ABACF0BBB51F47C38FE8FF6 /* FakeIdentificationService.swift */,
				958BBB2331B3227EC56ABA59 /* IdentificationService.swift */,
				9E614259B52E7A8AE90DDCEA /* LiveIdentificationService.swift */,
				FDCF3C33E16D085D2109D2A6 /* Marketplace.swift */,
				F8A43A7A1CAF3FC080F4F724 /* MarketService.swift */,
				DECFAD4285A3AD2FD2A804E1 /* MotionManager.swift */,
			);
			path = Services;
			sourceTree = "<group>";
		};
		C32B98996FB9E80A1CE9BEAC /* Portfolio */ = {
			isa = PBXGroup;
			children = (
				BFD4A6606A9F78A0E683361D /* PortfolioView.swift */,
			);
			path = Portfolio;
			sourceTree = "<group>";
		};
		C7C5B48887DAF9C07D1DE4CF /* DesignSystem */ = {
			isa = PBXGroup;
			children = (
				5CD721849A62838D4E72B51B /* Color+Hex.swift */,
				83E23565FFD3CD968B8F9515 /* Haptics.swift */,
				6E61FDB4D59D4C62D3E4F3BC /* Theme.swift */,
				5B092E1888F4F29CBC18B4CE /* VaultBackground.swift */,
				4F1296536807F6833B109E6F /* Components */,
			);
			path = DesignSystem;
			sourceTree = "<group>";
		};
		C7DC56698E395B9BCF0E6E5A /* Features */ = {
			isa = PBXGroup;
			children = (
				3B558D36CD7CC9632589EB80 /* Collection */,
				958F7E100E60BEC2256B575F /* Market */,
				6272CAA629700238739690DD /* Onboarding */,
				16D633D3C8ED0F0D52B606BD /* Paywall */,
				C32B98996FB9E80A1CE9BEAC /* Portfolio */,
				30CF2E042559D751658FEBD0 /* Scan */,
				7BE2C8473DF72D70D753DE3D /* Selling */,
				E70DFD868343583542F6035F /* Settings */,
				E80C634BE90549F66CB1B57C /* Sharing */,
			);
			path = Features;
			sourceTree = "<group>";
		};
		E70DFD868343583542F6035F /* Settings */ = {
			isa = PBXGroup;
			children = (
				920932ED4E4C0CA56E893E28 /* SettingsView.swift */,
			);
			path = Settings;
			sourceTree = "<group>";
		};
		E7544C897EECEE2E471E6B76 /* CarddexWidgets */ = {
			isa = PBXGroup;
			children = (
				35FE7A202296FDACB9D0952D /* CarddexWidgets.entitlements */,
				C8D95645CD675C1D2C7F08E4 /* CarddexWidgets.swift */,
				5ABEE7DCC3D74EF96336A9EF /* Info.plist */,
			);
			path = CarddexWidgets;
			sourceTree = "<group>";
		};
		E80C634BE90549F66CB1B57C /* Sharing */ = {
			isa = PBXGroup;
			children = (
				C675E730028BCDA946961EA9 /* SharePosters.swift */,
			);
			path = Sharing;
			sourceTree = "<group>";
		};
		EAF50800B1FE886CBE2FDA2B /* SampleData */ = {
			isa = PBXGroup;
			children = (
				3D7A3C2C21CF6D463F8F74C1 /* SampleData.swift */,
				4E0CA5228B59BAD88970D085 /* SampleData+Market.swift */,
			);
			path = SampleData;
			sourceTree = "<group>";
		};
		F27936B221D0321CC1AA8822 = {
			isa = PBXGroup;
			children = (
				115AF2F1CA3722031A4DC021 /* Carddex */,
				28915D1D9911B9190BC7A0D0 /* CarddexTests */,
				E7544C897EECEE2E471E6B76 /* CarddexWidgets */,
				6A3B88375EB67640C989A154 /* Products */,
			);
			sourceTree = "<group>";
		};
/* End PBXGroup section */

/* Begin PBXNativeTarget section */
		55A8FF2F82CD3F4CBFDC96C0 /* CarddexTests */ = {
			isa = PBXNativeTarget;
			buildConfigurationList = 34299449044727A58DFC3DC5 /* Build configuration list for PBXNativeTarget "CarddexTests" */;
			buildPhases = (
				ACDBC3733AD3B0666D59BD8B /* Sources */,
			);
			buildRules = (
			);
			dependencies = (
				BE02478FB6925D052D68857C /* PBXTargetDependency */,
			);
			name = CarddexTests;
			packageProductDependencies = (
			);
			productName = CarddexTests;
			productReference = EEE0BEB1891490FBFA7F8559 /* CarddexTests.xctest */;
			productType = "com.apple.product-type.bundle.unit-test";
		};
		AB4AE457B06AD5882FB1FBAA /* CarddexWidgets */ = {
			isa = PBXNativeTarget;
			buildConfigurationList = 86A93C946CEA2EDB39C1F9BD /* Build configuration list for PBXNativeTarget "CarddexWidgets" */;
			buildPhases = (
				88DB6F9E14CCEB00DCC4F0B5 /* Sources */,
			);
			buildRules = (
			);
			dependencies = (
			);
			name = CarddexWidgets;
			packageProductDependencies = (
			);
			productName = CarddexWidgets;
			productReference = 18DC918D9DE26EDE893AFC3A /* CarddexWidgets.appex */;
			productType = "com.apple.product-type.app-extension";
		};
		F38D1F3D42836AEF06E5B43B /* Carddex */ = {
			isa = PBXNativeTarget;
			buildConfigurationList = 2655E8EACB3F39ACEFE4277A /* Build configuration list for PBXNativeTarget "Carddex" */;
			buildPhases = (
				C1BFA2F4EBCCEEA81AA0A45F /* Sources */,
				8852E3F2336B85E567FC3057 /* Resources */,
				0E908FDB2B3DB78F187AE9DC /* Embed Foundation Extensions */,
			);
			buildRules = (
			);
			dependencies = (
				8F9504CD10C04B928B04AED1 /* PBXTargetDependency */,
			);
			name = Carddex;
			packageProductDependencies = (
			);
			productName = Carddex;
			productReference = 6FC3794684572890D03F101E /* Carddex.app */;
			productType = "com.apple.product-type.application";
		};
/* End PBXNativeTarget section */

/* Begin PBXProject section */
		234FAE2A2FCE8DFCDC45A09A /* Project object */ = {
			isa = PBXProject;
			attributes = {
				BuildIndependentTargetsInParallel = YES;
				LastUpgradeCheck = 1430;
				TargetAttributes = {
					55A8FF2F82CD3F4CBFDC96C0 = {
						DevelopmentTeam = "";
						ProvisioningStyle = Automatic;
					};
					AB4AE457B06AD5882FB1FBAA = {
						DevelopmentTeam = "";
						ProvisioningStyle = Automatic;
					};
					F38D1F3D42836AEF06E5B43B = {
						DevelopmentTeam = "";
						ProvisioningStyle = Automatic;
					};
				};
			};
			buildConfigurationList = 3D35AADD330E32A6FC044407 /* Build configuration list for PBXProject "Carddex" */;
			developmentRegion = en;
			hasScannedForEncodings = 0;
			knownRegions = (
				Base,
				en,
			);
			mainGroup = F27936B221D0321CC1AA8822;
			minimizedProjectReferenceProxies = 1;
			preferredProjectObjectVersion = 77;
			productRefGroup = 6A3B88375EB67640C989A154 /* Products */;
			projectDirPath = "";
			projectRoot = "";
			targets = (
				F38D1F3D42836AEF06E5B43B /* Carddex */,
				55A8FF2F82CD3F4CBFDC96C0 /* CarddexTests */,
				AB4AE457B06AD5882FB1FBAA /* CarddexWidgets */,
			);
		};
/* End PBXProject section */

/* Begin PBXResourcesBuildPhase section */
		8852E3F2336B85E567FC3057 /* Resources */ = {
			isa = PBXResourcesBuildPhase;
			buildActionMask = 2147483647;
			files = (
				67DBE634474BAEFF979AB1B9 /* Assets.xcassets in Resources */,
				EDD0CC12FD6C39EA5ACE18C7 /* PrivacyInfo.xcprivacy in Resources */,
			);
			runOnlyForDeploymentPostprocessing = 0;
		};
/* End PBXResourcesBuildPhase section */

/* Begin PBXSourcesBuildPhase section */
		88DB6F9E14CCEB00DCC4F0B5 /* Sources */ = {
			isa = PBXSourcesBuildPhase;
			buildActionMask = 2147483647;
			files = (
				CD1534ABE94F209AADA37914 /* CarddexWidgets.swift in Sources */,
				CDED8705ED5D8377EF0E9576 /* Color+Hex.swift in Sources */,
				9E89CE03E11D5AE6C788DA03 /* Theme.swift in Sources */,
				CFF1D604C9741BB3E268672D /* WidgetShared.swift in Sources */,
			);
			runOnlyForDeploymentPostprocessing = 0;
		};
		ACDBC3733AD3B0666D59BD8B /* Sources */ = {
			isa = PBXSourcesBuildPhase;
			buildActionMask = 2147483647;
			files = (
				105A14F37A4F6759E5C88994 /* CollectionStoreTests.swift in Sources */,
			);
			runOnlyForDeploymentPostprocessing = 0;
		};
		C1BFA2F4EBCCEEA81AA0A45F /* Sources */ = {
			isa = PBXSourcesBuildPhase;
			buildActionMask = 2147483647;
			files = (
				9F8232CBA22A08B6E09B4DA1 /* AddToPortfolioSheet.swift in Sources */,
				85B68CEC13C14A398DA11557 /* AlertsView.swift in Sources */,
				9B90F360258706B4F05E6608 /* AppConfig.swift in Sources */,
				FBE4AC16D042484B4DEFE566 /* AppEnvironment.swift in Sources */,
				CCBC8D58DE318ED40CC96F11 /* AppRouter.swift in Sources */,
				F3FA1E33E259AEA47F86AA2C /* BinderPageView.swift in Sources */,
				F2C24D494EB51785D53D0E89 /* BulkScanView.swift in Sources */,
				EEC00DC6CE66295AE76A6647 /* CachedAsyncImage.swift in Sources */,
				0F21845C3A975132A40CFC40 /* CameraScanView.swift in Sources */,
				B8685AEED4FD8338E81BDC48 /* Card.swift in Sources */,
				AE18F7E53335D11C36F462FF /* CardArtwork.swift in Sources */,
				AE41BDC851115C7890AADBB2 /* CardCell.swift in Sources */,
				BC7FFE053211DA48861099C6 /* CardCondition.swift in Sources */,
				848406F03B29B526068F8A5D /* CardDetailView.swift in Sources */,
				980CB4AB3FAE27FE27C508AF /* CardGame.swift in Sources */,
				9AA606E5AEA664FAF18457C1 /* CardPriceChart.swift in Sources */,
				AA2E9C19D851F0BCF570521F /* CardSet.swift in Sources */,
				08B8A308209E7BF1EE8901ED /* CardTextRecognizer.swift in Sources */,
				153F104711530D0197A30B5C /* CarddexApp.swift in Sources */,
				8FE56926EC900900F3BF4C7C /* CollectionItem.swift in Sources */,
				E01E45E112C6729462FE4981 /* CollectionStore.swift in Sources */,
				61700A1960A3138E997ED2E9 /* CollectionView.swift in Sources */,
				4EF66C024416274EA827ECFA /* Color+Hex.swift in Sources */,
				FACB30A7ECFCEF5E24832BAB /* ComparisonView.swift in Sources */,
				07E74E71986E8DC7E53882E9 /* EmptyState.swift in Sources */,
				A403AA6CB1EADC1D00A457B5 /* FakeIdentificationService.swift in Sources */,
				E889519F72241D7B7492D225 /* GamePill.swift in Sources */,
				776D1012C007CA566A78CF37 /* GlassTabBar.swift in Sources */,
				8B6009926D20F84F3131CFF6 /* Haptics.swift in Sources */,
				938A45158E0AAD1E02933242 /* HolographicFoil.swift in Sources */,
				28C12E1BB0608052504E5B04 /* IdentificationService.swift in Sources */,
				055E63044CE8B668563152AD /* IndexDetailView.swift in Sources */,
				6EA8BB24CF8F79E84B21105B /* LiveIdentificationService.swift in Sources */,
				A7AF1CFD183F3831EAC36641 /* LivingCardView.swift in Sources */,
				CBAA3404D0BAC6A9EB1DDDD6 /* MarketCardView.swift in Sources */,
				06F64BCB3523A9F41C133BAE /* MarketData.swift in Sources */,
				C6E2CBBB3B830D42C5246C4C /* MarketIndexEntry.swift in Sources */,
				CE270D64BDF6DCF2DD12E013 /* MarketService.swift in Sources */,
				D786440A7204C35A701C2785 /* MarketStore.swift in Sources */,
				089E477FD84631DCFEE20706 /* MarketView.swift in Sources */,
				0FBFEAF00D3690650EF3708D /* Marketplace.swift in Sources */,
				D8A322320269648D53124204 /* MiniAreaChart.swift in Sources */,
				1961FF26ECB359DE879A8B12 /* Money.swift in Sources */,
				93C3A061777CCC86563D16EF /* MotionManager.swift in Sources */,
				A2E4B0BC1C7C2C64AFBF1E9B /* OnboardingView.swift in Sources */,
				3C9568D196C8FA751CC65759 /* PaywallView.swift in Sources */,
				F9BEA4793AE626F1B930A98C /* Persistence.swift in Sources */,
				D26B11A7C5B99E908BC8FCC5 /* PortfolioView.swift in Sources */,
				772602228544119EA49EE33F /* PrimaryButton.swift in Sources */,
				EDF6299A587725911A959C9A /* RangeSelector.swift in Sources */,
				AD8952B2E27796D75362BFA8 /* Rarity.swift in Sources */,
				EFCDB9CAF184D6971C7E7657 /* RootView.swift in Sources */,
				8A3E5B6B570104B48F718333 /* SalesChart.swift in Sources */,
				50CB8020D544B5DF6B9725D0 /* SampleData+Market.swift in Sources */,
				EBA8CDA2EBEC6876638E5EF7 /* SampleData.swift in Sources */,
				0D72AA5EE1AA1070C91A8880 /* ScanView.swift in Sources */,
				2A5768557312C0E635387BD1 /* SellSheet.swift in Sources */,
				B2ED098BA66E0257B53E2C56 /* SettingsView.swift in Sources */,
				AECFDAFD67B770E0C4DE51C1 /* SharePosters.swift in Sources */,
				C7D3AE1DDEC6EDC0B41A1058 /* SportCategory.swift in Sources */,
				FF46375C1653EF69BFAFC5AB /* StatTile.swift in Sources */,
				27BE6EEBAE1195423B00565B /* SubscriptionStore.swift in Sources */,
				475FB3EA40EC8575AE9720A3 /* Theme.swift in Sources */,
				581920CEC21F5FE832C48F3C /* VaultBackground.swift in Sources */,
				232BFD93B70D48B1A1BDE8E8 /* WatchlistStore.swift in Sources */,
				B8570B2FA6CA138FC9343EDF /* WidgetShared.swift in Sources */,
			);
			runOnlyForDeploymentPostprocessing = 0;
		};
/* End PBXSourcesBuildPhase section */

/* Begin PBXTargetDependency section */
		8F9504CD10C04B928B04AED1 /* PBXTargetDependency */ = {
			isa = PBXTargetDependency;
			target = AB4AE457B06AD5882FB1FBAA /* CarddexWidgets */;
			targetProxy = A6A62DEF230C57B91C672AA6 /* PBXContainerItemProxy */;
		};
		BE02478FB6925D052D68857C /* PBXTargetDependency */ = {
			isa = PBXTargetDependency;
			target = F38D1F3D42836AEF06E5B43B /* Carddex */;
			targetProxy = 195AF4C820B98CF33D88E0B5 /* PBXContainerItemProxy */;
		};
/* End PBXTargetDependency section */

/* Begin XCBuildConfiguration section */
		1C87078A4BC898C50B2877FD /* Release */ = {
			isa = XCBuildConfiguration;
			buildSettings = {
				ALWAYS_SEARCH_USER_PATHS = NO;
				CLANG_ANALYZER_NONNULL = YES;
				CLANG_ANALYZER_NUMBER_OBJECT_CONVERSION = YES_AGGRESSIVE;
				CLANG_CXX_LANGUAGE_STANDARD = "gnu++14";
				CLANG_CXX_LIBRARY = "libc++";
				CLANG_ENABLE_MODULES = YES;
				CLANG_ENABLE_OBJC_ARC = YES;
				CLANG_ENABLE_OBJC_WEAK = YES;
				CLANG_WARN_BLOCK_CAPTURE_AUTORELEASING = YES;
				CLANG_WARN_BOOL_CONVERSION = YES;
				CLANG_WARN_COMMA = YES;
				CLANG_WARN_CONSTANT_CONVERSION = YES;
				CLANG_WARN_DEPRECATED_OBJC_IMPLEMENTATIONS = YES;
				CLANG_WARN_DIRECT_OBJC_ISA_USAGE = YES_ERROR;
				CLANG_WARN_DOCUMENTATION_COMMENTS = YES;
				CLANG_WARN_EMPTY_BODY = YES;
				CLANG_WARN_ENUM_CONVERSION = YES;
				CLANG_WARN_INFINITE_RECURSION = YES;
				CLANG_WARN_INT_CONVERSION = YES;
				CLANG_WARN_NON_LITERAL_NULL_CONVERSION = YES;
				CLANG_WARN_OBJC_IMPLICIT_RETAIN_SELF = YES;
				CLANG_WARN_OBJC_LITERAL_CONVERSION = YES;
				CLANG_WARN_OBJC_ROOT_CLASS = YES_ERROR;
				CLANG_WARN_QUOTED_INCLUDE_IN_FRAMEWORK_HEADER = YES;
				CLANG_WARN_RANGE_LOOP_ANALYSIS = YES;
				CLANG_WARN_STRICT_PROTOTYPES = YES;
				CLANG_WARN_SUSPICIOUS_MOVE = YES;
				CLANG_WARN_UNGUARDED_AVAILABILITY = YES_AGGRESSIVE;
				CLANG_WARN_UNREACHABLE_CODE = YES;
				CLANG_WARN__DUPLICATE_METHOD_MATCH = YES;
				CODE_SIGN_STYLE = Automatic;
				COPY_PHASE_STRIP = NO;
				CURRENT_PROJECT_VERSION = 1;
				DEBUG_INFORMATION_FORMAT = "dwarf-with-dsym";
				DEVELOPMENT_TEAM = "";
				ENABLE_NS_ASSERTIONS = NO;
				ENABLE_STRICT_OBJC_MSGSEND = YES;
				GCC_C_LANGUAGE_STANDARD = gnu11;
				GCC_NO_COMMON_BLOCKS = YES;
				GCC_WARN_64_TO_32_BIT_CONVERSION = YES;
				GCC_WARN_ABOUT_RETURN_TYPE = YES_ERROR;
				GCC_WARN_UNDECLARED_SELECTOR = YES;
				GCC_WARN_UNINITIALIZED_AUTOS = YES_AGGRESSIVE;
				GCC_WARN_UNUSED_FUNCTION = YES;
				GCC_WARN_UNUSED_VARIABLE = YES;
				IPHONEOS_DEPLOYMENT_TARGET = 18.0;
				MARKETING_VERSION = 0.1.0;
				MTL_ENABLE_DEBUG_INFO = NO;
				MTL_FAST_MATH = YES;
				PRODUCT_NAME = "$(TARGET_NAME)";
				SDKROOT = iphoneos;
				SWIFT_COMPILATION_MODE = wholemodule;
				SWIFT_OPTIMIZATION_LEVEL = "-O";
				SWIFT_VERSION = 6.0;
			};
			name = Release;
		};
		2D9AF2E409921E331F6689CE /* Release */ = {
			isa = XCBuildConfiguration;
			buildSettings = {
				BUNDLE_LOADER = "$(TEST_HOST)";
				GENERATE_INFOPLIST_FILE = YES;
				LD_RUNPATH_SEARCH_PATHS = (
					"$(inherited)",
					"@executable_path/Frameworks",
					"@loader_path/Frameworks",
				);
				PRODUCT_BUNDLE_IDENTIFIER = com.carddex.app.tests;
				SDKROOT = iphoneos;
				TARGETED_DEVICE_FAMILY = "1,2";
				TEST_HOST = "$(BUILT_PRODUCTS_DIR)/Carddex.app/Carddex";
			};
			name = Release;
		};
		33C81DF791279662FD67FC17 /* Release */ = {
			isa = XCBuildConfiguration;
			buildSettings = {
				CODE_SIGN_ENTITLEMENTS = CarddexWidgets/CarddexWidgets.entitlements;
				GENERATE_INFOPLIST_FILE = NO;
				INFOPLIST_FILE = CarddexWidgets/Info.plist;
				LD_RUNPATH_SEARCH_PATHS = (
					"$(inherited)",
					"@executable_path/Frameworks",
					"@executable_path/../../Frameworks",
				);
				PRODUCT_BUNDLE_IDENTIFIER = com.carddex.app.widgets;
				SDKROOT = iphoneos;
				SKIP_INSTALL = YES;
				TARGETED_DEVICE_FAMILY = 1;
			};
			name = Release;
		};
		97FBBEB69943BB75D730A361 /* Debug */ = {
			isa = XCBuildConfiguration;
			buildSettings = {
				ASSETCATALOG_COMPILER_APPICON_NAME = AppIcon;
				ASSETCATALOG_COMPILER_GLOBAL_ACCENT_COLOR_NAME = AccentColor;
				CODE_SIGN_ENTITLEMENTS = Carddex/Carddex.entitlements;
				CODE_SIGN_IDENTITY = "iPhone Developer";
				GENERATE_INFOPLIST_FILE = NO;
				INFOPLIST_FILE = Carddex/Info.plist;
				LD_RUNPATH_SEARCH_PATHS = (
					"$(inherited)",
					"@executable_path/Frameworks",
				);
				PRODUCT_BUNDLE_IDENTIFIER = com.carddex.app;
				SDKROOT = iphoneos;
				TARGETED_DEVICE_FAMILY = 1;
			};
			name = Debug;
		};
		A3AE3F705DD139E1DC814B7A /* Debug */ = {
			isa = XCBuildConfiguration;
			buildSettings = {
				BUNDLE_LOADER = "$(TEST_HOST)";
				GENERATE_INFOPLIST_FILE = YES;
				LD_RUNPATH_SEARCH_PATHS = (
					"$(inherited)",
					"@executable_path/Frameworks",
					"@loader_path/Frameworks",
				);
				PRODUCT_BUNDLE_IDENTIFIER = com.carddex.app.tests;
				SDKROOT = iphoneos;
				TARGETED_DEVICE_FAMILY = "1,2";
				TEST_HOST = "$(BUILT_PRODUCTS_DIR)/Carddex.app/Carddex";
			};
			name = Debug;
		};
		E22A758C59FB51121837715F /* Release */ = {
			isa = XCBuildConfiguration;
			buildSettings = {
				ASSETCATALOG_COMPILER_APPICON_NAME = AppIcon;
				ASSETCATALOG_COMPILER_GLOBAL_ACCENT_COLOR_NAME = AccentColor;
				CODE_SIGN_ENTITLEMENTS = Carddex/Carddex.entitlements;
				CODE_SIGN_IDENTITY = "iPhone Developer";
				GENERATE_INFOPLIST_FILE = NO;
				INFOPLIST_FILE = Carddex/Info.plist;
				LD_RUNPATH_SEARCH_PATHS = (
					"$(inherited)",
					"@executable_path/Frameworks",
				);
				PRODUCT_BUNDLE_IDENTIFIER = com.carddex.app;
				SDKROOT = iphoneos;
				TARGETED_DEVICE_FAMILY = 1;
			};
			name = Release;
		};
		E784236DDC2367C53DE0D4BE /* Debug */ = {
			isa = XCBuildConfiguration;
			buildSettings = {
				CODE_SIGN_ENTITLEMENTS = CarddexWidgets/CarddexWidgets.entitlements;
				GENERATE_INFOPLIST_FILE = NO;
				INFOPLIST_FILE = CarddexWidgets/Info.plist;
				LD_RUNPATH_SEARCH_PATHS = (
					"$(inherited)",
					"@executable_path/Frameworks",
					"@executable_path/../../Frameworks",
				);
				PRODUCT_BUNDLE_IDENTIFIER = com.carddex.app.widgets;
				SDKROOT = iphoneos;
				SKIP_INSTALL = YES;
				TARGETED_DEVICE_FAMILY = 1;
			};
			name = Debug;
		};
		E7E4FDF8DBC78611D899EC0E /* Debug */ = {
			isa = XCBuildConfiguration;
			buildSettings = {
				ALWAYS_SEARCH_USER_PATHS = NO;
				CLANG_ANALYZER_NONNULL = YES;
				CLANG_ANALYZER_NUMBER_OBJECT_CONVERSION = YES_AGGRESSIVE;
				CLANG_CXX_LANGUAGE_STANDARD = "gnu++14";
				CLANG_CXX_LIBRARY = "libc++";
				CLANG_ENABLE_MODULES = YES;
				CLANG_ENABLE_OBJC_ARC = YES;
				CLANG_ENABLE_OBJC_WEAK = YES;
				CLANG_WARN_BLOCK_CAPTURE_AUTORELEASING = YES;
				CLANG_WARN_BOOL_CONVERSION = YES;
				CLANG_WARN_COMMA = YES;
				CLANG_WARN_CONSTANT_CONVERSION = YES;
				CLANG_WARN_DEPRECATED_OBJC_IMPLEMENTATIONS = YES;
				CLANG_WARN_DIRECT_OBJC_ISA_USAGE = YES_ERROR;
				CLANG_WARN_DOCUMENTATION_COMMENTS = YES;
				CLANG_WARN_EMPTY_BODY = YES;
				CLANG_WARN_ENUM_CONVERSION = YES;
				CLANG_WARN_INFINITE_RECURSION = YES;
				CLANG_WARN_INT_CONVERSION = YES;
				CLANG_WARN_NON_LITERAL_NULL_CONVERSION = YES;
				CLANG_WARN_OBJC_IMPLICIT_RETAIN_SELF = YES;
				CLANG_WARN_OBJC_LITERAL_CONVERSION = YES;
				CLANG_WARN_OBJC_ROOT_CLASS = YES_ERROR;
				CLANG_WARN_QUOTED_INCLUDE_IN_FRAMEWORK_HEADER = YES;
				CLANG_WARN_RANGE_LOOP_ANALYSIS = YES;
				CLANG_WARN_STRICT_PROTOTYPES = YES;
				CLANG_WARN_SUSPICIOUS_MOVE = YES;
				CLANG_WARN_UNGUARDED_AVAILABILITY = YES_AGGRESSIVE;
				CLANG_WARN_UNREACHABLE_CODE = YES;
				CLANG_WARN__DUPLICATE_METHOD_MATCH = YES;
				CODE_SIGN_STYLE = Automatic;
				COPY_PHASE_STRIP = NO;
				CURRENT_PROJECT_VERSION = 1;
				DEBUG_INFORMATION_FORMAT = dwarf;
				DEVELOPMENT_TEAM = "";
				ENABLE_STRICT_OBJC_MSGSEND = YES;
				ENABLE_TESTABILITY = YES;
				GCC_C_LANGUAGE_STANDARD = gnu11;
				GCC_DYNAMIC_NO_PIC = NO;
				GCC_NO_COMMON_BLOCKS = YES;
				GCC_OPTIMIZATION_LEVEL = 0;
				GCC_PREPROCESSOR_DEFINITIONS = (
					"$(inherited)",
					"DEBUG=1",
				);
				GCC_WARN_64_TO_32_BIT_CONVERSION = YES;
				GCC_WARN_ABOUT_RETURN_TYPE = YES_ERROR;
				GCC_WARN_UNDECLARED_SELECTOR = YES;
				GCC_WARN_UNINITIALIZED_AUTOS = YES_AGGRESSIVE;
				GCC_WARN_UNUSED_FUNCTION = YES;
				GCC_WARN_UNUSED_VARIABLE = YES;
				IPHONEOS_DEPLOYMENT_TARGET = 18.0;
				MARKETING_VERSION = 0.1.0;
				MTL_ENABLE_DEBUG_INFO = INCLUDE_SOURCE;
				MTL_FAST_MATH = YES;
				ONLY_ACTIVE_ARCH = YES;
				PRODUCT_NAME = "$(TARGET_NAME)";
				SDKROOT = iphoneos;
				SWIFT_ACTIVE_COMPILATION_CONDITIONS = DEBUG;
				SWIFT_OPTIMIZATION_LEVEL = "-Onone";
				SWIFT_VERSION = 6.0;
			};
			name = Debug;
		};
/* End XCBuildConfiguration section */

/* Begin XCConfigurationList section */
		2655E8EACB3F39ACEFE4277A /* Build configuration list for PBXNativeTarget "Carddex" */ = {
			isa = XCConfigurationList;
			buildConfigurations = (
				97FBBEB69943BB75D730A361 /* Debug */,
				E22A758C59FB51121837715F /* Release */,
			);
			defaultConfigurationIsVisible = 0;
			defaultConfigurationName = Debug;
		};
		34299449044727A58DFC3DC5 /* Build configuration list for PBXNativeTarget "CarddexTests" */ = {
			isa = XCConfigurationList;
			buildConfigurations = (
				A3AE3F705DD139E1DC814B7A /* Debug */,
				2D9AF2E409921E331F6689CE /* Release */,
			);
			defaultConfigurationIsVisible = 0;
			defaultConfigurationName = Debug;
		};
		3D35AADD330E32A6FC044407 /* Build configuration list for PBXProject "Carddex" */ = {
			isa = XCConfigurationList;
			buildConfigurations = (
				E7E4FDF8DBC78611D899EC0E /* Debug */,
				1C87078A4BC898C50B2877FD /* Release */,
			);
			defaultConfigurationIsVisible = 0;
			defaultConfigurationName = Debug;
		};
		86A93C946CEA2EDB39C1F9BD /* Build configuration list for PBXNativeTarget "CarddexWidgets" */ = {
			isa = XCConfigurationList;
			buildConfigurations = (
				E784236DDC2367C53DE0D4BE /* Debug */,
				33C81DF791279662FD67FC17 /* Release */,
			);
			defaultConfigurationIsVisible = 0;
			defaultConfigurationName = Debug;
		};
/* End XCConfigurationList section */
	};
	rootObject = 234FAE2A2FCE8DFCDC45A09A /* Project object */;
}
